{
  "version": 4,
  "terraform_version": "1.4.5",
  "serial": 73,
  "lineage": "7421c406-68f5-6e1f-604c-7bd7c0564168",
  "outputs": {
    "bucket_name": {
      "value": "dojo-terraform-state",
      "type": "string"
    },
    "bucket_namespace": {
      "value": "grlidgqnerdm",
      "type": "string"
    },
    "k8s_node_instance_id": {
      "value": "ocid1.instance.oc1.sa-saopaulo-1.antxeljrygd575qcbab2h4xtp6w4gghujztupkcbe5vuaafcc4nigi3qs5bq",
      "type": "string"
    },
    "k8s_node_private_ip": {
      "value": "10.0.1.130",
      "type": "string"
    },
    "k8s_node_public_ip": {
      "value": "147.15.3.79",
      "type": "string"
    },
    "public_subnet_id": {
      "value": "ocid1.subnet.oc1.sa-saopaulo-1.aaaaaaaa6haemlmzboxv7lrwwvfiwp5eb5nqbngxezcbacqnesiukddxs4fq",
      "type": "string"
    },
    "repository_urls": {
      "value": {
        "dojo-backend": "sa-saopaulo-1.ocir.io/grlidgqnerdm/dojo-backend",
        "dojo-frontend": "sa-saopaulo-1.ocir.io/grlidgqnerdm/dojo-frontend"
      },
      "type": [
        "object",
        {
          "dojo-backend": "string",
          "dojo-frontend": "string"
        }
      ]
    },
    "vcn_id": {
      "value": "ocid1.vcn.oc1.sa-saopaulo-1.amaaaaaaygd575qanelnhttts2nq7ptyzfaccy2vyuyk7ucno7eubwqsuala",
      "type": "string"
    }
  },
  "resources": [
    {
      "module": "module.k8s_node",
      "mode": "data",
      "type": "oci_core_images",
      "name": "k8s_image",
      "provider": "provider[\"registry.terraform.io/hashicorp/oci\"]",
      "instances": [
        {
          "schema_version": 0,
          "attributes": {
            "compartment_id": "ocid1.compartment.oc1..aaaaaaaaqzkaic4iksnifaevb4xhegxftjuniyzbvwc6tp32ho3vd7vvrdta",
            "display_name": null,
            "filter": null,
            "id": "CoreImagesDataSource-3438450439",
            "images": [
              {
                "agent_features": [],
                "base_image_id": "",
                "billable_size_in_gbs": "6",
                "compartment_id": "",
                "create_image_allowed": true,
                "defined_tags": {},
                "display_name": "Oracle-Linux-8.10-aarch64-2026.04.30-3",
                "freeform_tags": {},
                "id": "ocid1.image.oc1.sa-saopaulo-1.aaaaaaaagcbg4ft4ylwozxnf2fn5vncormaafl7y2oc76wtcta2k4hsof3ba",
                "image_source_details": [],
                "instance_id": "",
                "launch_mode": "NATIVE",
                "launch_options": [
                  {
                    "boot_volume_type": "PARAVIRTUALIZED",
                    "firmware": "UEFI_64",
                    "is_consistent_volume_naming_enabled": true,
                    "is_pv_encryption_in_transit_enabled": true,
                    "network_type": "PARAVIRTUALIZED",
                    "remote_data_volume_type": "PARAVIRTUALIZED"
                  }
                ],
                "listing_type": "",
                "operating_system": "Oracle Linux",
                "operating_system_version": "8",
                "size_in_mbs": "47719",
                "state": "AVAILABLE",
                "time_created": "2026-05-13 00:46:23.394 +0000 UTC"
              },
              {
                "agent_features": [],
                "base_image_id": "",
                "billable_size_in_gbs": "6",
                "compartment_id": "",
                "create_image_allowed": true,
                "defined_tags": {},
                "display_name": "Oracle-Linux-8.10-aarch64-2026.04.30-2",
                "freeform_tags": {},
                "id": "ocid1.image.oc1.sa-saopaulo-1.aaaaaaaatnio7yzomhrn5smntlx5ofqrebhoxkualm5sqllb62kien7ptpza",
                "image_source_details": [],
                "instance_id": "",
                "launch_mode": "NATIVE",
                "launch_options": [
                  {
                    "boot_volume_type": "PARAVIRTUALIZED",
                    "firmware": "UEFI_64",
                    "is_consistent_volume_naming_enabled": true,
                    "is_pv_encryption_in_transit_enabled": true,
                    "network_type": "PARAVIRTUALIZED",
                    "remote_data_volume_type": "PARAVIRTUALIZED"
                  }
                ],
                "listing_type": "",
                "operating_system": "Oracle Linux",
                "operating_system_version": "8",
                "size_in_mbs": "47719",
                "state": "AVAILABLE",
                "time_created": "2026-05-11 23:04:46.204 +0000 UTC"
              },
              {
                "agent_features": [],
                "base_image_id": "",
                "billable_size_in_gbs": "6",
                "compartment_id": "",
                "create_image_allowed": true,
                "defined_tags": {},
                "display_name": "Oracle-Linux-8.10-aarch64-2026.04.30-1",
                "freeform_tags": {},
                "id": "ocid1.image.oc1.sa-saopaulo-1.aaaaaaaacbcrwfck3m52pysb6dz7igpenqpiyxn4dlj6vbv3nvyoqqt7wdnq",
                "image_source_details": [],
                "instance_id": "",
                "launch_mode": "NATIVE",
                "launch_options": [
                  {
                    "boot_volume_type": "PARAVIRTUALIZED",
                    "firmware": "UEFI_64",
                    "is_consistent_volume_naming_enabled": true,
                    "is_pv_encryption_in_transit_enabled": true,
                    "network_type": "PARAVIRTUALIZED",
                    "remote_data_volume_type": "PARAVIRTUALIZED"
                  }
                ],
                "listing_type": "",
                "operating_system": "Oracle Linux",
                "operating_system_version": "8",
                "size_in_mbs": "47719",
                "state": "AVAILABLE",
                "time_created": "2026-05-05 21:28:48.243 +0000 UTC"
              }
            ],
            "operating_system": "Oracle Linux",
            "operating_system_version": "8",
            "shape": "VM.Standard.A1.Flex",
            "sort_by": "TIMECREATED",
            "sort_order": "DESC",
            "state": null
          },
          "sensitive_attributes": []
        }
      ]
    },
    {
      "module": "module.k8s_node",
      "mode": "managed",
      "type": "oci_core_instance",
      "name": "k8s_node",
      "provider": "provider[\"registry.terraform.io/hashicorp/oci\"]",
      "instances": [
        {
          "schema_version": 0,
          "attributes": {
            "agent_config": [
              {
                "are_all_plugins_disabled": false,
                "is_management_disabled": false,
                "is_monitoring_disabled": false,
                "plugins_config": []
              }
            ],
            "async": null,
            "availability_config": [
              {
                "is_live_migration_preferred": false,
                "recovery_action": "RESTORE_INSTANCE"
              }
            ],
            "availability_domain": "RXtC:SA-SAOPAULO-1-AD-1",
            "boot_volume_id": "ocid1.bootvolume.oc1.sa-saopaulo-1.abtxeljrgvzihlxiik7j4orqn6ak5fzxw3zkc6oy22doff3htd26esiahj2q",
            "capacity_reservation_id": null,
            "cluster_placement_group_id": null,
            "compartment_id": "ocid1.compartment.oc1..aaaaaaaaqzkaic4iksnifaevb4xhegxftjuniyzbvwc6tp32ho3vd7vvrdta",
            "compute_cluster_id": null,
            "create_vnic_details": [
              {
                "assign_ipv6ip": false,
                "assign_private_dns_record": false,
                "assign_public_ip": "true",
                "defined_tags": {
                  "Oracle-Tags.CreatedBy": "default/rodrigo.gregori@gmail.com",
                  "Oracle-Tags.CreatedOn": "2026-05-31T16:28:40.123Z"
                },
                "display_name": "dojo-k8s-node-vnic",
                "freeform_tags": {},
                "hostname_label": "dojo-k8s-node-vnic",
                "ipv6address_ipv6subnet_cidr_pair_details": [],
                "nsg_ids": [],
                "private_ip": "10.0.1.130",
                "private_ip_id": "",
                "security_attributes": {},
                "skip_source_dest_check": false,
                "subnet_cidr": "",
                "subnet_id": "ocid1.subnet.oc1.sa-saopaulo-1.aaaaaaaa6haemlmzboxv7lrwwvfiwp5eb5nqbngxezcbacqnesiukddxs4fq",
                "vlan_id": ""
              }
            ],
            "dedicated_vm_host_id": null,
            "defined_tags": {
              "Oracle-Tags.CreatedBy": "default/rodrigo.gregori@gmail.com",
              "Oracle-Tags.CreatedOn": "2026-05-31T16:28:39.995Z"
            },
            "display_name": "dojo-k8s-node",
            "extended_metadata": {},
            "fault_domain": "FAULT-DOMAIN-2",
            "freeform_tags": {},
            "hostname_label": "dojo-k8s-node-vnic",
            "id": "ocid1.instance.oc1.sa-saopaulo-1.antxeljrygd575qcbab2h4xtp6w4gghujztupkcbe5vuaafcc4nigi3qs5bq",
            "image": "ocid1.image.oc1.sa-saopaulo-1.aaaaaaaagcbg4ft4ylwozxnf2fn5vncormaafl7y2oc76wtcta2k4hsof3ba",
            "instance_configuration_id": null,
            "instance_options": [
              {
                "are_legacy_imds_endpoints_disabled": false
              }
            ],
            "ipxe_script": null,
            "is_ai_enterprise_enabled": null,
            "is_cross_numa_node": false,
            "is_pv_encryption_in_transit_enabled": null,
            "launch_mode": "PARAVIRTUALIZED",
            "launch_options": [
              {
                "boot_volume_type": "PARAVIRTUALIZED",
                "firmware": "UEFI_64",
                "is_consistent_volume_naming_enabled": true,
                "is_pv_encryption_in_transit_enabled": false,
                "network_type": "PARAVIRTUALIZED",
                "remote_data_volume_type": "PARAVIRTUALIZED"
              }
            ],
            "launch_volume_attachments": null,
            "licensing_configs": [],
            "metadata": {
              "ssh_authorized_keys": "ssh-ed25519 AAAAC3NzaC1lZDI1NTE5AAAAIHZht1pB/Xcl9o5JaP+FHnlzaDbSDs4k5C6Z/cCg2NLG dojo-k8s-node\n",
              "user_data": "IyEvYmluL2Jhc2gKc2V0IC1ldW8gcGlwZWZhaWwKCiMgRGlzYWJsZSBmaXJld2FsbGQgZm9yIEt1YmVybmV0ZXMKc3lzdGVtY3RsIGRpc2FibGUgLS1ub3cgZmlyZXdhbGxkIHx8IHRydWUKCiMgQ29uZmlndXJlIHN5c2N0bCBmb3IgS3ViZXJuZXRlcwpjYXQgPj4gL2V0Yy9zeXNjdGwuZC9rOHMuY29uZiA8PEVPRgpuZXQuYnJpZGdlLmJyaWRnZS1uZi1jYWxsLWlwNnRhYmxlcyA9IDEKbmV0LmJyaWRnZS5icmlkZ2UtbmYtY2FsbC1pcHRhYmxlcyA9IDEKbmV0LmlwdjQuaXBfZm9yd2FyZCA9IDEKRU9GCnN5c2N0bCAtLXN5c3RlbQoKIyBEaXNhYmxlIHN3YXAKc3dhcG9mZiAtYQpzZWQgLWkgJy8gc3dhcCAvZCcgL2V0Yy9mc3RhYiB8fCB0cnVlCgojIEluc3RhbGwgY29udGFpbmVyZApkbmYgaW5zdGFsbCAteSBkbmYtdXRpbHMgZGV2aWNlLW1hcHBlci1wZXJzaXN0ZW50LWRhdGEgbHZtMgp5dW0tY29uZmlnLW1hbmFnZXIgLS1hZGQtcmVwbyBodHRwczovL2Rvd25sb2FkLmRvY2tlci5jb20vbGludXgvY2VudG9zL2RvY2tlci1jZS5yZXBvCmRuZiBpbnN0YWxsIC15IGNvbnRhaW5lcmQuaW8KCiMgQ29uZmlndXJlIGNvbnRhaW5lcmQKbWtkaXIgLXAgL2V0Yy9jb250YWluZXJkCmNvbnRhaW5lcmQgY29uZmlnIGRlZmF1bHQgPiAvZXRjL2NvbnRhaW5lcmQvY29uZmlnLnRvbWwKc2VkIC1pICdzL1N5c3RlbWRDZ3JvdXAgPSAuKi9TeXN0ZW1kQ2dyb3VwID0gdHJ1ZS8nIC9ldGMvY29udGFpbmVyZC9jb25maWcudG9tbApzeXN0ZW1jdGwgZW5hYmxlIC0tbm93IGNvbnRhaW5lcmQKCiMgQWRkIEt1YmVybmV0ZXMgcmVwbwpjYXQgPj4gL2V0Yy95dW0ucmVwb3MuZC9rdWJlcm5ldGVzLnJlcG8gPDxFT0YKW2t1YmVybmV0ZXNdCm5hbWU9S3ViZXJuZXRlcwpiYXNldXJsPWh0dHBzOi8vcGtncy5rOHMuaW8vY29yZTovc3RhYmxlOi92MS4zNDovcnBtLwplbmFibGVkPTEKZ3BnY2hlY2s9MQpncGdrZXk9aHR0cHM6Ly9wa2dzLms4cy5pby9jb3JlOi9zdGFibGU6L3YxLjM0Oi9ycG0vcmVwb2RhdGEvcmVwb21kLnhtbC5rZXkKZXhjbHVkZT1rdWJlbGV0IGt1YmVhZG0ga3ViZWN0bCBjcmktdG9vbHMKRU9GCgojIEluc3RhbGwga3ViZWFkbSwga3ViZWxldCwga3ViZWN0bApkbmYgaW5zdGFsbCAteSBrdWJlbGV0IGt1YmVhZG0ga3ViZWN0bCAtLWRpc2FibGVleGNsdWRlcz1rdWJlcm5ldGVzCnN5c3RlbWN0bCBlbmFibGUga3ViZWxldAoKIyBQdWxsIGt1YmVhZG0gaW1hZ2VzCmt1YmVhZG0gY29uZmlnIGltYWdlcyBwdWxsCgp0b3VjaCAvaG9tZS9vcGMvLms4c19wcm92aXNpb25lZAo="
            },
            "placement_constraint_details": [],
            "platform_config": [],
            "preemptible_instance_config": [],
            "preserve_boot_volume": false,
            "preserve_data_volumes_created_at_launch": null,
            "private_ip": "10.0.1.130",
            "public_ip": "147.15.3.79",
            "region": "sa-saopaulo-1",
            "security_attributes": {},
            "security_attributes_state": "STABLE",
            "shape": "VM.Standard.A1.Flex",
            "shape_config": [
              {
                "baseline_ocpu_utilization": "",
                "gpu_description": "",
                "gpus": 0,
                "local_disk_description": "",
                "local_disks": 0,
                "local_disks_total_size_in_gbs": 0,
                "local_volume_size_in_gbs": 0,
                "max_vnic_attachments": 4,
                "memory_in_gbs": 24,
                "networking_bandwidth_in_gbps": 4,
                "nvmes": 0,
                "ocpus": 4,
                "processor_description": "3.0 GHz Ampere® Altra™",
                "resource_management": "",
                "vcpus": 4
              }
            ],
            "source_details": [
              {
                "boot_volume_size_in_gbs": "100",
                "boot_volume_vpus_per_gb": "10",
                "instance_source_image_filter_details": [],
                "is_preserve_boot_volume_enabled": false,
                "kms_key_id": "",
                "source_id": "ocid1.image.oc1.sa-saopaulo-1.aaaaaaaagcbg4ft4ylwozxnf2fn5vncormaafl7y2oc76wtcta2k4hsof3ba",
                "source_type": "image"
              }
            ],
            "state": "RUNNING",
            "subnet_id": "ocid1.subnet.oc1.sa-saopaulo-1.aaaaaaaa6haemlmzboxv7lrwwvfiwp5eb5nqbngxezcbacqnesiukddxs4fq",
            "system_tags": {},
            "time_created": "2026-05-31 16:28:40.567 +0000 UTC",
            "time_maintenance_reboot_due": "",
            "timeouts": null,
            "update_operation_constraint": null
          },
          "sensitive_attributes": [],
          "private": "eyJlMmJmYjczMC1lY2FhLTExZTYtOGY4OC0zNDM2M2JjN2M0YzAiOnsiY3JlYXRlIjoyNzAwMDAwMDAwMDAwLCJkZWxldGUiOjQ1MDAwMDAwMDAwMDAsInVwZGF0ZSI6MjcwMDAwMDAwMDAwMH19",
          "dependencies": [
            "module.k8s_node.data.oci_core_images.k8s_image",
            "module.networking.oci_core_subnet.public_subnet"
          ]
        }
      ]
    },
    {
      "module": "module.networking",
      "mode": "data",
      "type": "oci_core_services",
      "name": "all_oci_services",
      "provider": "provider[\"registry.terraform.io/hashicorp/oci\"]",
      "instances": [
        {
          "schema_version": 0,
          "attributes": {
            "filter": [
              {
                "name": "name",
                "regex": true,
                "values": [
                  "All .* Services In Oracle Services Network"
                ]
              }
            ],
            "id": "CoreServicesDataSource-0",
            "services": [
              {
                "cidr_block": "all-gru-services-in-oracle-services-network",
                "description": "All GRU Services In Oracle Services Network",
                "id": "ocid1.service.oc1.sa-saopaulo-1.aaaaaaaacd57uig6rzxm2qfipukbqpje2bhztqszh3aj7zk2jtvf6gvntena",
                "name": "All GRU Services In Oracle Services Network"
              }
            ]
          },
          "sensitive_attributes": []
        }
      ]
    },
    {
      "module": "module.networking",
      "mode": "managed",
      "type": "oci_core_internet_gateway",
      "name": "igw",
      "provider": "provider[\"registry.terraform.io/hashicorp/oci\"]",
      "instances": [
        {
          "schema_version": 0,
          "attributes": {
            "compartment_id": "ocid1.compartment.oc1..aaaaaaaaqzkaic4iksnifaevb4xhegxftjuniyzbvwc6tp32ho3vd7vvrdta",
            "defined_tags": {
              "Oracle-Tags.CreatedBy": "default/rodrigo.gregori@gmail.com",
              "Oracle-Tags.CreatedOn": "2026-05-31T10:31:19.206Z"
            },
            "display_name": "dojo-internet-gateway",
            "enabled": true,
            "freeform_tags": {},
            "id": "ocid1.internetgateway.oc1.sa-saopaulo-1.aaaaaaaaw4qyiq4polcbqdj6ggu4whtrrcnddt3awtnpfgpj5djkqjmolgea",
            "route_table_id": null,
            "state": "AVAILABLE",
            "time_created": "2026-05-31 10:31:19.245 +0000 UTC",
            "timeouts": null,
            "vcn_id": "ocid1.vcn.oc1.sa-saopaulo-1.amaaaaaaygd575qanelnhttts2nq7ptyzfaccy2vyuyk7ucno7eubwqsuala"
          },
          "sensitive_attributes": [],
          "private": "eyJlMmJmYjczMC1lY2FhLTExZTYtOGY4OC0zNDM2M2JjN2M0YzAiOnsiY3JlYXRlIjoxMjAwMDAwMDAwMDAwLCJkZWxldGUiOjEyMDAwMDAwMDAwMDAsInVwZGF0ZSI6MTIwMDAwMDAwMDAwMH19",
          "dependencies": [
            "module.networking.oci_core_vcn.dojo_vcn"
          ]
        }
      ]
    },
    {
      "module": "module.networking",
      "mode": "managed",
      "type": "oci_core_nat_gateway",
      "name": "nat",
      "provider": "provider[\"registry.terraform.io/hashicorp/oci\"]",
      "instances": [
        {
          "schema_version": 0,
          "attributes": {
            "block_traffic": false,
            "compartment_id": "ocid1.compartment.oc1..aaaaaaaaqzkaic4iksnifaevb4xhegxftjuniyzbvwc6tp32ho3vd7vvrdta",
            "defined_tags": {
              "Oracle-Tags.CreatedBy": "default/rodrigo.gregori@gmail.com",
              "Oracle-Tags.CreatedOn": "2026-05-31T10:31:18.958Z"
            },
            "display_name": "dojo-nat-gateway",
            "freeform_tags": {},
            "id": "ocid1.natgateway.oc1.sa-saopaulo-1.aaaaaaaaa2nbd7zllejxlqqbsw7ak22rilwm5qybalq4s5igl46glzccvhmq",
            "nat_ip": "136.248.110.39",
            "public_ip_id": "ocid1.publicip.oc1.sa-saopaulo-1.aaaaaaaangum2ylry2iearogl4mdudwdfuzoto35pba4zmvbe2tzo7aa4kfq",
            "route_table_id": null,
            "state": "AVAILABLE",
            "time_created": "2026-05-31 10:31:19.248 +0000 UTC",
            "timeouts": null,
            "vcn_id": "ocid1.vcn.oc1.sa-saopaulo-1.amaaaaaaygd575qanelnhttts2nq7ptyzfaccy2vyuyk7ucno7eubwqsuala"
          },
          "sensitive_attributes": [],
          "private": "eyJlMmJmYjczMC1lY2FhLTExZTYtOGY4OC0zNDM2M2JjN2M0YzAiOnsiY3JlYXRlIjoxMjAwMDAwMDAwMDAwLCJkZWxldGUiOjEyMDAwMDAwMDAwMDAsInVwZGF0ZSI6MTIwMDAwMDAwMDAwMH19",
          "dependencies": [
            "module.networking.oci_core_vcn.dojo_vcn"
          ]
        }
      ]
    },
    {
      "module": "module.networking",
      "mode": "managed",
      "type": "oci_core_route_table",
      "name": "node_public_rt",
      "provider": "provider[\"registry.terraform.io/hashicorp/oci\"]",
      "instances": [
        {
          "schema_version": 0,
          "attributes": {
            "compartment_id": "ocid1.compartment.oc1..aaaaaaaaqzkaic4iksnifaevb4xhegxftjuniyzbvwc6tp32ho3vd7vvrdta",
            "defined_tags": {
              "Oracle-Tags.CreatedBy": "default/rodrigo.gregori@gmail.com",
              "Oracle-Tags.CreatedOn": "2026-05-31T14:39:12.916Z"
            },
            "display_name": "dojo-node-public-route-table",
            "freeform_tags": {},
            "id": "ocid1.routetable.oc1.sa-saopaulo-1.aaaaaaaam2qjvjfqgkosms5dcerac36of26zihx42cax2pvy7i2visptgkuq",
            "route_rules": [
              {
                "cidr_block": "",
                "description": "",
                "destination": "0.0.0.0/0",
                "destination_type": "CIDR_BLOCK",
                "network_entity_id": "ocid1.internetgateway.oc1.sa-saopaulo-1.aaaaaaaaw4qyiq4polcbqdj6ggu4whtrrcnddt3awtnpfgpj5djkqjmolgea",
                "route_type": "STATIC"
              }
            ],
            "state": "AVAILABLE",
            "time_created": "2026-05-31 14:39:12.945 +0000 UTC",
            "timeouts": null,
            "vcn_id": "ocid1.vcn.oc1.sa-saopaulo-1.amaaaaaaygd575qanelnhttts2nq7ptyzfaccy2vyuyk7ucno7eubwqsuala"
          },
          "sensitive_attributes": [],
          "private": "eyJlMmJmYjczMC1lY2FhLTExZTYtOGY4OC0zNDM2M2JjN2M0YzAiOnsiY3JlYXRlIjoxMjAwMDAwMDAwMDAwLCJkZWxldGUiOjEyMDAwMDAwMDAwMDAsInVwZGF0ZSI6MTIwMDAwMDAwMDAwMH19",
          "dependencies": [
            "module.networking.oci_core_internet_gateway.igw",
            "module.networking.oci_core_vcn.dojo_vcn"
          ]
        }
      ]
    },
    {
      "module": "module.networking",
      "mode": "managed",
      "type": "oci_core_route_table",
      "name": "private_rt",
      "provider": "provider[\"registry.terraform.io/hashicorp/oci\"]",
      "instances": [
        {
          "schema_version": 0,
          "attributes": {
            "compartment_id": "ocid1.compartment.oc1..aaaaaaaaqzkaic4iksnifaevb4xhegxftjuniyzbvwc6tp32ho3vd7vvrdta",
            "defined_tags": {
              "Oracle-Tags.CreatedBy": "default/rodrigo.gregori@gmail.com",
              "Oracle-Tags.CreatedOn": "2026-05-31T10:31:20.470Z"
            },
            "display_name": "dojo-private-route-table",
            "freeform_tags": {},
            "id": "ocid1.routetable.oc1.sa-saopaulo-1.aaaaaaaa6lwgrktzuinjcutk7jfaddctcprift5rjdokgrvvedosvyxdyyaq",
            "route_rules": [
              {
                "cidr_block": "",
                "description": "",
                "destination": "0.0.0.0/0",
                "destination_type": "CIDR_BLOCK",
                "network_entity_id": "ocid1.natgateway.oc1.sa-saopaulo-1.aaaaaaaaa2nbd7zllejxlqqbsw7ak22rilwm5qybalq4s5igl46glzccvhmq",
                "route_type": "STATIC"
              },
              {
                "cidr_block": "",
                "description": "",
                "destination": "all-gru-services-in-oracle-services-network",
                "destination_type": "SERVICE_CIDR_BLOCK",
                "network_entity_id": "ocid1.servicegateway.oc1.sa-saopaulo-1.aaaaaaaau4fgh3jhsegufby4y74d6ybbimjprt7gftgd4wf2lta2jbwnsq2q",
                "route_type": "STATIC"
              }
            ],
            "state": "AVAILABLE",
            "time_created": "2026-05-31 10:31:20.51 +0000 UTC",
            "timeouts": null,
            "vcn_id": "ocid1.vcn.oc1.sa-saopaulo-1.amaaaaaaygd575qanelnhttts2nq7ptyzfaccy2vyuyk7ucno7eubwqsuala"
          },
          "sensitive_attributes": [],
          "private": "eyJlMmJmYjczMC1lY2FhLTExZTYtOGY4OC0zNDM2M2JjN2M0YzAiOnsiY3JlYXRlIjoxMjAwMDAwMDAwMDAwLCJkZWxldGUiOjEyMDAwMDAwMDAwMDAsInVwZGF0ZSI6MTIwMDAwMDAwMDAwMH19",
          "dependencies": [
            "module.networking.data.oci_core_services.all_oci_services",
            "module.networking.oci_core_nat_gateway.nat",
            "module.networking.oci_core_service_gateway.sgw",
            "module.networking.oci_core_vcn.dojo_vcn"
          ]
        }
      ]
    },
    {
      "module": "module.networking",
      "mode": "managed",
      "type": "oci_core_route_table",
      "name": "public_rt",
      "provider": "provider[\"registry.terraform.io/hashicorp/oci\"]",
      "instances": [
        {
          "schema_version": 0,
          "attributes": {
            "compartment_id": "ocid1.compartment.oc1..aaaaaaaaqzkaic4iksnifaevb4xhegxftjuniyzbvwc6tp32ho3vd7vvrdta",
            "defined_tags": {
              "Oracle-Tags.CreatedBy": "default/rodrigo.gregori@gmail.com",
              "Oracle-Tags.CreatedOn": "2026-05-31T10:31:19.753Z"
            },
            "display_name": "dojo-public-route-table",
            "freeform_tags": {},
            "id": "ocid1.routetable.oc1.sa-saopaulo-1.aaaaaaaabaqwp2g24bvk26can3qu23zb5onuuptfb7u2vzoyxzorriswxoka",
            "route_rules": [
              {
                "cidr_block": "",
                "description": "",
                "destination": "0.0.0.0/0",
                "destination_type": "CIDR_BLOCK",
                "network_entity_id": "ocid1.internetgateway.oc1.sa-saopaulo-1.aaaaaaaaw4qyiq4polcbqdj6ggu4whtrrcnddt3awtnpfgpj5djkqjmolgea",
                "route_type": "STATIC"
              }
            ],
            "state": "AVAILABLE",
            "time_created": "2026-05-31 10:31:19.779 +0000 UTC",
            "timeouts": null,
            "vcn_id": "ocid1.vcn.oc1.sa-saopaulo-1.amaaaaaaygd575qanelnhttts2nq7ptyzfaccy2vyuyk7ucno7eubwqsuala"
          },
          "sensitive_attributes": [],
          "private": "eyJlMmJmYjczMC1lY2FhLTExZTYtOGY4OC0zNDM2M2JjN2M0YzAiOnsiY3JlYXRlIjoxMjAwMDAwMDAwMDAwLCJkZWxldGUiOjEyMDAwMDAwMDAwMDAsInVwZGF0ZSI6MTIwMDAwMDAwMDAwMH19",
          "dependencies": [
            "module.networking.oci_core_internet_gateway.igw",
            "module.networking.oci_core_vcn.dojo_vcn"
          ]
        }
      ]
    },
    {
      "module": "module.networking",
      "mode": "managed",
      "type": "oci_core_security_list",
      "name": "node_public_sl",
      "provider": "provider[\"registry.terraform.io/hashicorp/oci\"]",
      "instances": [
        {
          "schema_version": 0,
          "attributes": {
            "compartment_id": "ocid1.compartment.oc1..aaaaaaaaqzkaic4iksnifaevb4xhegxftjuniyzbvwc6tp32ho3vd7vvrdta",
            "defined_tags": {
              "Oracle-Tags.CreatedBy": "default/rodrigo.gregori@gmail.com",
              "Oracle-Tags.CreatedOn": "2026-05-31T14:39:12.899Z"
            },
            "display_name": "dojo-node-public-security-list",
            "egress_security_rules": [
              {
                "description": "",
                "destination": "0.0.0.0/0",
                "destination_type": "CIDR_BLOCK",
                "icmp_options": [],
                "protocol": "all",
                "stateless": false,
                "tcp_options": [],
                "udp_options": []
              }
            ],
            "freeform_tags": {},
            "id": "ocid1.securitylist.oc1.sa-saopaulo-1.aaaaaaaahfhswjadi7r6llc7bv2vcv2vmw2aisp5yfsje4fy3cjbdqtnx7jq",
            "ingress_security_rules": [
              {
                "description": "",
                "icmp_options": [],
                "protocol": "6",
                "source": "0.0.0.0/0",
                "source_type": "CIDR_BLOCK",
                "stateless": false,
                "tcp_options": [
                  {
                    "max": 22,
                    "min": 22,
                    "source_port_range": []
                  }
                ],
                "udp_options": []
              },
              {
                "description": "",
                "icmp_options": [],
                "protocol": "all",
                "source": "10.0.0.0/16",
                "source_type": "CIDR_BLOCK",
                "stateless": false,
                "tcp_options": [],
                "udp_options": []
              }
            ],
            "state": "AVAILABLE",
            "time_created": "2026-05-31 14:39:12.936 +0000 UTC",
            "timeouts": null,
            "vcn_id": "ocid1.vcn.oc1.sa-saopaulo-1.amaaaaaaygd575qanelnhttts2nq7ptyzfaccy2vyuyk7ucno7eubwqsuala"
          },
          "sensitive_attributes": [],
          "private": "eyJlMmJmYjczMC1lY2FhLTExZTYtOGY4OC0zNDM2M2JjN2M0YzAiOnsiY3JlYXRlIjoxMjAwMDAwMDAwMDAwLCJkZWxldGUiOjEyMDAwMDAwMDAwMDAsInVwZGF0ZSI6MTIwMDAwMDAwMDAwMH19",
          "dependencies": [
            "module.networking.oci_core_vcn.dojo_vcn"
          ]
        }
      ]
    },
    {
      "module": "module.networking",
      "mode": "managed",
      "type": "oci_core_security_list",
      "name": "private_sl",
      "provider": "provider[\"registry.terraform.io/hashicorp/oci\"]",
      "instances": [
        {
          "schema_version": 0,
          "attributes": {
            "compartment_id": "ocid1.compartment.oc1..aaaaaaaaqzkaic4iksnifaevb4xhegxftjuniyzbvwc6tp32ho3vd7vvrdta",
            "defined_tags": {
              "Oracle-Tags.CreatedBy": "default/rodrigo.gregori@gmail.com",
              "Oracle-Tags.CreatedOn": "2026-05-31T10:31:19.065Z"
            },
            "display_name": "dojo-private-security-list",
            "egress_security_rules": [
              {
                "description": "",
                "destination": "0.0.0.0/0",
                "destination_type": "CIDR_BLOCK",
                "icmp_options": [],
                "protocol": "all",
                "stateless": false,
                "tcp_options": [],
                "udp_options": []
              }
            ],
            "freeform_tags": {},
            "id": "ocid1.securitylist.oc1.sa-saopaulo-1.aaaaaaaamvtqzyjqvtjrcyjbmjgezke4a34v5tylcdbrj2oe6jjg22df4wha",
            "ingress_security_rules": [
              {
                "description": "",
                "icmp_options": [],
                "protocol": "all",
                "source": "10.0.0.0/16",
                "source_type": "CIDR_BLOCK",
                "stateless": false,
                "tcp_options": [],
                "udp_options": []
              }
            ],
            "state": "AVAILABLE",
            "time_created": "2026-05-31 10:31:19.104 +0000 UTC",
            "timeouts": null,
            "vcn_id": "ocid1.vcn.oc1.sa-saopaulo-1.amaaaaaaygd575qanelnhttts2nq7ptyzfaccy2vyuyk7ucno7eubwqsuala"
          },
          "sensitive_attributes": [],
          "private": "eyJlMmJmYjczMC1lY2FhLTExZTYtOGY4OC0zNDM2M2JjN2M0YzAiOnsiY3JlYXRlIjoxMjAwMDAwMDAwMDAwLCJkZWxldGUiOjEyMDAwMDAwMDAwMDAsInVwZGF0ZSI6MTIwMDAwMDAwMDAwMH19",
          "dependencies": [
            "module.networking.oci_core_vcn.dojo_vcn"
          ]
        }
      ]
    },
    {
      "module": "module.networking",
      "mode": "managed",
      "type": "oci_core_security_list",
      "name": "public_sl",
      "provider": "provider[\"registry.terraform.io/hashicorp/oci\"]",
      "instances": [
        {
          "schema_version": 0,
          "attributes": {
            "compartment_id": "ocid1.compartment.oc1..aaaaaaaaqzkaic4iksnifaevb4xhegxftjuniyzbvwc6tp32ho3vd7vvrdta",
            "defined_tags": {
              "Oracle-Tags.CreatedBy": "default/rodrigo.gregori@gmail.com",
              "Oracle-Tags.CreatedOn": "2026-05-31T10:31:19.182Z"
            },
            "display_name": "dojo-public-security-list",
            "egress_security_rules": [
              {
                "description": "",
                "destination": "0.0.0.0/0",
                "destination_type": "CIDR_BLOCK",
                "icmp_options": [],
                "protocol": "all",
                "stateless": false,
                "tcp_options": [],
                "udp_options": []
              }
            ],
            "freeform_tags": {},
            "id": "ocid1.securitylist.oc1.sa-saopaulo-1.aaaaaaaapno6m7br7etvzuiqer5flqn5jivebli3jsexy6ppq3oempvq6pxa",
            "ingress_security_rules": [
              {
                "description": "",
                "icmp_options": [],
                "protocol": "6",
                "source": "0.0.0.0/0",
                "source_type": "CIDR_BLOCK",
                "stateless": false,
                "tcp_options": [
                  {
                    "max": 22,
                    "min": 22,
                    "source_port_range": []
                  }
                ],
                "udp_options": []
              },
              {
                "description": "",
                "icmp_options": [],
                "protocol": "6",
                "source": "0.0.0.0/0",
                "source_type": "CIDR_BLOCK",
                "stateless": false,
                "tcp_options": [
                  {
                    "max": 443,
                    "min": 443,
                    "source_port_range": []
                  }
                ],
                "udp_options": []
              },
              {
                "description": "",
                "icmp_options": [],
                "protocol": "6",
                "source": "0.0.0.0/0",
                "source_type": "CIDR_BLOCK",
                "stateless": false,
                "tcp_options": [
                  {
                    "max": 6443,
                    "min": 6443,
                    "source_port_range": []
                  }
                ],
                "udp_options": []
              },
              {
                "description": "",
                "icmp_options": [],
                "protocol": "6",
                "source": "0.0.0.0/0",
                "source_type": "CIDR_BLOCK",
                "stateless": false,
                "tcp_options": [
                  {
                    "max": 80,
                    "min": 80,
                    "source_port_range": []
                  }
                ],
                "udp_options": []
              }
            ],
            "state": "AVAILABLE",
            "time_created": "2026-05-31 10:31:19.218 +0000 UTC",
            "timeouts": null,
            "vcn_id": "ocid1.vcn.oc1.sa-saopaulo-1.amaaaaaaygd575qanelnhttts2nq7ptyzfaccy2vyuyk7ucno7eubwqsuala"
          },
          "sensitive_attributes": [],
          "private": "eyJlMmJmYjczMC1lY2FhLTExZTYtOGY4OC0zNDM2M2JjN2M0YzAiOnsiY3JlYXRlIjoxMjAwMDAwMDAwMDAwLCJkZWxldGUiOjEyMDAwMDAwMDAwMDAsInVwZGF0ZSI6MTIwMDAwMDAwMDAwMH19",
          "dependencies": [
            "module.networking.oci_core_vcn.dojo_vcn"
          ]
        }
      ]
    },
    {
      "module": "module.networking",
      "mode": "managed",
      "type": "oci_core_service_gateway",
      "name": "sgw",
      "provider": "provider[\"registry.terraform.io/hashicorp/oci\"]",
      "instances": [
        {
          "schema_version": 0,
          "attributes": {
            "block_traffic": false,
            "compartment_id": "ocid1.compartment.oc1..aaaaaaaaqzkaic4iksnifaevb4xhegxftjuniyzbvwc6tp32ho3vd7vvrdta",
            "defined_tags": {
              "Oracle-Tags.CreatedBy": "default/rodrigo.gregori@gmail.com",
              "Oracle-Tags.CreatedOn": "2026-05-31T12:18:23.318Z"
            },
            "display_name": "dojo-service-gateway",
            "freeform_tags": {},
            "id": "ocid1.servicegateway.oc1.sa-saopaulo-1.aaaaaaaau4fgh3jhsegufby4y74d6ybbimjprt7gftgd4wf2lta2jbwnsq2q",
            "route_table_id": null,
            "services": [
              {
                "service_id": "ocid1.service.oc1.sa-saopaulo-1.aaaaaaaacd57uig6rzxm2qfipukbqpje2bhztqszh3aj7zk2jtvf6gvntena",
                "service_name": "All GRU Services In Oracle Services Network"
              }
            ],
            "state": "AVAILABLE",
            "time_created": "2026-05-31 12:18:24.042 +0000 UTC",
            "timeouts": null,
            "vcn_id": "ocid1.vcn.oc1.sa-saopaulo-1.amaaaaaaygd575qanelnhttts2nq7ptyzfaccy2vyuyk7ucno7eubwqsuala"
          },
          "sensitive_attributes": [],
          "private": "eyJlMmJmYjczMC1lY2FhLTExZTYtOGY4OC0zNDM2M2JjN2M0YzAiOnsiY3JlYXRlIjoxMjAwMDAwMDAwMDAwLCJkZWxldGUiOjEyMDAwMDAwMDAwMDAsInVwZGF0ZSI6MTIwMDAwMDAwMDAwMH19",
          "dependencies": [
            "module.networking.data.oci_core_services.all_oci_services",
            "module.networking.oci_core_vcn.dojo_vcn"
          ]
        }
      ]
    },
    {
      "module": "module.networking",
      "mode": "managed",
      "type": "oci_core_subnet",
      "name": "cluster_endpoint_subnet",
      "provider": "provider[\"registry.terraform.io/hashicorp/oci\"]",
      "instances": [
        {
          "schema_version": 0,
          "attributes": {
            "availability_domain": null,
            "cidr_block": "10.0.5.0/24",
            "compartment_id": "ocid1.compartment.oc1..aaaaaaaaqzkaic4iksnifaevb4xhegxftjuniyzbvwc6tp32ho3vd7vvrdta",
            "defined_tags": {
              "Oracle-Tags.CreatedBy": "default/rodrigo.gregori@gmail.com",
              "Oracle-Tags.CreatedOn": "2026-05-31T15:33:44.128Z"
            },
            "dhcp_options_id": "ocid1.dhcpoptions.oc1.sa-saopaulo-1.aaaaaaaalqrbpqrqb6y5cuo27pl24kfjxo6gkdvux7jyrrf7vp4vlpyuiukq",
            "display_name": "dojo-cluster-endpoint-subnet",
            "dns_label": "endpoint",
            "freeform_tags": {},
            "id": "ocid1.subnet.oc1.sa-saopaulo-1.aaaaaaaagm3xthpjmp6lzqjilgge7mkyrculs2jdrrr5tktfis55njlpt7tq",
            "ipv4cidr_blocks": [
              "10.0.5.0/24"
            ],
            "ipv6cidr_block": null,
            "ipv6cidr_blocks": [],
            "ipv6virtual_router_ip": null,
            "prohibit_internet_ingress": false,
            "prohibit_public_ip_on_vnic": false,
            "route_table_id": "ocid1.routetable.oc1.sa-saopaulo-1.aaaaaaaabaqwp2g24bvk26can3qu23zb5onuuptfb7u2vzoyxzorriswxoka",
            "security_list_ids": [
              "ocid1.securitylist.oc1.sa-saopaulo-1.aaaaaaaapno6m7br7etvzuiqer5flqn5jivebli3jsexy6ppq3oempvq6pxa"
            ],
            "state": "AVAILABLE",
            "subnet_domain_name": "endpoint.dojo.oraclevcn.com",
            "time_created": "2026-05-31 15:33:44.17 +0000 UTC",
            "timeouts": null,
            "vcn_id": "ocid1.vcn.oc1.sa-saopaulo-1.amaaaaaaygd575qanelnhttts2nq7ptyzfaccy2vyuyk7ucno7eubwqsuala",
            "virtual_router_ip": "10.0.5.1",
            "virtual_router_mac": "00:00:17:74:10:49"
          },
          "sensitive_attributes": [],
          "private": "eyJlMmJmYjczMC1lY2FhLTExZTYtOGY4OC0zNDM2M2JjN2M0YzAiOnsiY3JlYXRlIjoxMjAwMDAwMDAwMDAwLCJkZWxldGUiOjEyMDAwMDAwMDAwMDAsInVwZGF0ZSI6MTIwMDAwMDAwMDAwMH19",
          "dependencies": [
            "module.networking.oci_core_internet_gateway.igw",
            "module.networking.oci_core_route_table.public_rt",
            "module.networking.oci_core_security_list.public_sl",
            "module.networking.oci_core_vcn.dojo_vcn"
          ]
        }
      ]
    },
    {
      "module": "module.networking",
      "mode": "managed",
      "type": "oci_core_subnet",
      "name": "node_public_subnet",
      "provider": "provider[\"registry.terraform.io/hashicorp/oci\"]",
      "instances": [
        {
          "schema_version": 0,
          "attributes": {
            "availability_domain": null,
            "cidr_block": "10.0.4.0/24",
            "compartment_id": "ocid1.compartment.oc1..aaaaaaaaqzkaic4iksnifaevb4xhegxftjuniyzbvwc6tp32ho3vd7vvrdta",
            "defined_tags": {
              "Oracle-Tags.CreatedBy": "default/rodrigo.gregori@gmail.com",
              "Oracle-Tags.CreatedOn": "2026-05-31T14:39:13.622Z"
            },
            "dhcp_options_id": "ocid1.dhcpoptions.oc1.sa-saopaulo-1.aaaaaaaalqrbpqrqb6y5cuo27pl24kfjxo6gkdvux7jyrrf7vp4vlpyuiukq",
            "display_name": "dojo-node-public-subnet",
            "dns_label": "nodepublic",
            "freeform_tags": {},
            "id": "ocid1.subnet.oc1.sa-saopaulo-1.aaaaaaaaazdhrsscazpfenn3rrbvupxud4dzwxmgigl2xbyaerpusndicutq",
            "ipv4cidr_blocks": [
              "10.0.4.0/24"
            ],
            "ipv6cidr_block": null,
            "ipv6cidr_blocks": [],
            "ipv6virtual_router_ip": null,
            "prohibit_internet_ingress": false,
            "prohibit_public_ip_on_vnic": false,
            "route_table_id": "ocid1.routetable.oc1.sa-saopaulo-1.aaaaaaaam2qjvjfqgkosms5dcerac36of26zihx42cax2pvy7i2visptgkuq",
            "security_list_ids": [
              "ocid1.securitylist.oc1.sa-saopaulo-1.aaaaaaaahfhswjadi7r6llc7bv2vcv2vmw2aisp5yfsje4fy3cjbdqtnx7jq"
            ],
            "state": "AVAILABLE",
            "subnet_domain_name": "nodepublic.dojo.oraclevcn.com",
            "time_created": "2026-05-31 14:39:13.667 +0000 UTC",
            "timeouts": null,
            "vcn_id": "ocid1.vcn.oc1.sa-saopaulo-1.amaaaaaaygd575qanelnhttts2nq7ptyzfaccy2vyuyk7ucno7eubwqsuala",
            "virtual_router_ip": "10.0.4.1",
            "virtual_router_mac": "00:00:17:74:10:49"
          },
          "sensitive_attributes": [],
          "private": "eyJlMmJmYjczMC1lY2FhLTExZTYtOGY4OC0zNDM2M2JjN2M0YzAiOnsiY3JlYXRlIjoxMjAwMDAwMDAwMDAwLCJkZWxldGUiOjEyMDAwMDAwMDAwMDAsInVwZGF0ZSI6MTIwMDAwMDAwMDAwMH19",
          "dependencies": [
            "module.networking.oci_core_internet_gateway.igw",
            "module.networking.oci_core_route_table.node_public_rt",
            "module.networking.oci_core_security_list.node_public_sl",
            "module.networking.oci_core_vcn.dojo_vcn"
          ]
        }
      ]
    },
    {
      "module": "module.networking",
      "mode": "managed",
      "type": "oci_core_subnet",
      "name": "private_subnet",
      "provider": "provider[\"registry.terraform.io/hashicorp/oci\"]",
      "instances": [
        {
          "schema_version": 0,
          "attributes": {
            "availability_domain": null,
            "cidr_block": "10.0.2.0/24",
            "compartment_id": "ocid1.compartment.oc1..aaaaaaaaqzkaic4iksnifaevb4xhegxftjuniyzbvwc6tp32ho3vd7vvrdta",
            "defined_tags": {
              "Oracle-Tags.CreatedBy": "default/rodrigo.gregori@gmail.com",
              "Oracle-Tags.CreatedOn": "2026-05-31T10:33:15.538Z"
            },
            "dhcp_options_id": "ocid1.dhcpoptions.oc1.sa-saopaulo-1.aaaaaaaalqrbpqrqb6y5cuo27pl24kfjxo6gkdvux7jyrrf7vp4vlpyuiukq",
            "display_name": "dojo-private-subnet",
            "dns_label": "private",
            "freeform_tags": {},
            "id": "ocid1.subnet.oc1.sa-saopaulo-1.aaaaaaaazgio7zysjd2gwor5tnfz7ki4myvwg66noeaayvjuyqhhqmzfbabq",
            "ipv4cidr_blocks": [
              "10.0.2.0/24"
            ],
            "ipv6cidr_block": null,
            "ipv6cidr_blocks": [],
            "ipv6virtual_router_ip": null,
            "prohibit_internet_ingress": false,
            "prohibit_public_ip_on_vnic": false,
            "route_table_id": "ocid1.routetable.oc1.sa-saopaulo-1.aaaaaaaa6lwgrktzuinjcutk7jfaddctcprift5rjdokgrvvedosvyxdyyaq",
            "security_list_ids": [
              "ocid1.securitylist.oc1.sa-saopaulo-1.aaaaaaaamvtqzyjqvtjrcyjbmjgezke4a34v5tylcdbrj2oe6jjg22df4wha"
            ],
            "state": "AVAILABLE",
            "subnet_domain_name": "private.dojo.oraclevcn.com",
            "time_created": "2026-05-31 10:33:15.854 +0000 UTC",
            "timeouts": null,
            "vcn_id": "ocid1.vcn.oc1.sa-saopaulo-1.amaaaaaaygd575qanelnhttts2nq7ptyzfaccy2vyuyk7ucno7eubwqsuala",
            "virtual_router_ip": "10.0.2.1",
            "virtual_router_mac": "00:00:17:74:10:49"
          },
          "sensitive_attributes": [],
          "private": "eyJlMmJmYjczMC1lY2FhLTExZTYtOGY4OC0zNDM2M2JjN2M0YzAiOnsiY3JlYXRlIjoxMjAwMDAwMDAwMDAwLCJkZWxldGUiOjEyMDAwMDAwMDAwMDAsInVwZGF0ZSI6MTIwMDAwMDAwMDAwMH19",
          "dependencies": [
            "module.networking.data.oci_core_services.all_oci_services",
            "module.networking.oci_core_nat_gateway.nat",
            "module.networking.oci_core_route_table.private_rt",
            "module.networking.oci_core_security_list.private_sl",
            "module.networking.oci_core_service_gateway.sgw",
            "module.networking.oci_core_vcn.dojo_vcn"
          ]
        }
      ]
    },
    {
      "module": "module.networking",
      "mode": "managed",
      "type": "oci_core_subnet",
      "name": "public_subnet",
      "provider": "provider[\"registry.terraform.io/hashicorp/oci\"]",
      "instances": [
        {
          "schema_version": 0,
          "attributes": {
            "availability_domain": null,
            "cidr_block": "10.0.1.0/24",
            "compartment_id": "ocid1.compartment.oc1..aaaaaaaaqzkaic4iksnifaevb4xhegxftjuniyzbvwc6tp32ho3vd7vvrdta",
            "defined_tags": {
              "Oracle-Tags.CreatedBy": "default/rodrigo.gregori@gmail.com",
              "Oracle-Tags.CreatedOn": "2026-05-31T10:33:15.548Z"
            },
            "dhcp_options_id": "ocid1.dhcpoptions.oc1.sa-saopaulo-1.aaaaaaaalqrbpqrqb6y5cuo27pl24kfjxo6gkdvux7jyrrf7vp4vlpyuiukq",
            "display_name": "dojo-public-subnet",
            "dns_label": "public",
            "freeform_tags": {},
            "id": "ocid1.subnet.oc1.sa-saopaulo-1.aaaaaaaa6haemlmzboxv7lrwwvfiwp5eb5nqbngxezcbacqnesiukddxs4fq",
            "ipv4cidr_blocks": [
              "10.0.1.0/24"
            ],
            "ipv6cidr_block": null,
            "ipv6cidr_blocks": [],
            "ipv6virtual_router_ip": null,
            "prohibit_internet_ingress": false,
            "prohibit_public_ip_on_vnic": false,
            "route_table_id": "ocid1.routetable.oc1.sa-saopaulo-1.aaaaaaaabaqwp2g24bvk26can3qu23zb5onuuptfb7u2vzoyxzorriswxoka",
            "security_list_ids": [
              "ocid1.securitylist.oc1.sa-saopaulo-1.aaaaaaaapno6m7br7etvzuiqer5flqn5jivebli3jsexy6ppq3oempvq6pxa"
            ],
            "state": "AVAILABLE",
            "subnet_domain_name": "public.dojo.oraclevcn.com",
            "time_created": "2026-05-31 10:33:15.582 +0000 UTC",
            "timeouts": null,
            "vcn_id": "ocid1.vcn.oc1.sa-saopaulo-1.amaaaaaaygd575qanelnhttts2nq7ptyzfaccy2vyuyk7ucno7eubwqsuala",
            "virtual_router_ip": "10.0.1.1",
            "virtual_router_mac": "00:00:17:74:10:49"
          },
          "sensitive_attributes": [],
          "private": "eyJlMmJmYjczMC1lY2FhLTExZTYtOGY4OC0zNDM2M2JjN2M0YzAiOnsiY3JlYXRlIjoxMjAwMDAwMDAwMDAwLCJkZWxldGUiOjEyMDAwMDAwMDAwMDAsInVwZGF0ZSI6MTIwMDAwMDAwMDAwMH19",
          "dependencies": [
            "module.networking.oci_core_internet_gateway.igw",
            "module.networking.oci_core_route_table.public_rt",
            "module.networking.oci_core_security_list.public_sl",
            "module.networking.oci_core_vcn.dojo_vcn"
          ]
        }
      ]
    },
    {
      "module": "module.networking",
      "mode": "managed",
      "type": "oci_core_vcn",
      "name": "dojo_vcn",
      "provider": "provider[\"registry.terraform.io/hashicorp/oci\"]",
      "instances": [
        {
          "schema_version": 0,
          "attributes": {
            "byoipv6cidr_blocks": [],
            "byoipv6cidr_details": [],
            "cidr_block": "10.0.0.0/16",
            "cidr_blocks": [
              "10.0.0.0/16"
            ],
            "compartment_id": "ocid1.compartment.oc1..aaaaaaaaqzkaic4iksnifaevb4xhegxftjuniyzbvwc6tp32ho3vd7vvrdta",
            "default_dhcp_options_id": "ocid1.dhcpoptions.oc1.sa-saopaulo-1.aaaaaaaalqrbpqrqb6y5cuo27pl24kfjxo6gkdvux7jyrrf7vp4vlpyuiukq",
            "default_route_table_id": "ocid1.routetable.oc1.sa-saopaulo-1.aaaaaaaa3q6k4pd3qh5ppz6kiiolav6iiuhfnfja6jmk56c6zt7ijzok4skq",
            "default_security_list_id": "ocid1.securitylist.oc1.sa-saopaulo-1.aaaaaaaa3urhrle7yrrcpovvemtwnsf7pwtm2yhsif3zugd6wbazw7n6af2a",
            "defined_tags": {
              "Oracle-Tags.CreatedBy": "default/rodrigo.gregori@gmail.com",
              "Oracle-Tags.CreatedOn": "2026-05-31T10:31:18.351Z"
            },
            "display_name": "dojo-vcn",
            "dns_label": "dojo",
            "freeform_tags": {},
            "id": "ocid1.vcn.oc1.sa-saopaulo-1.amaaaaaaygd575qanelnhttts2nq7ptyzfaccy2vyuyk7ucno7eubwqsuala",
            "ipv6cidr_blocks": [],
            "ipv6private_cidr_blocks": [],
            "is_ipv6enabled": false,
            "is_oracle_gua_allocation_enabled": null,
            "security_attributes": {},
            "state": "AVAILABLE",
            "time_created": "2026-05-31 10:31:18.424 +0000 UTC",
            "timeouts": null,
            "vcn_domain_name": "dojo.oraclevcn.com"
          },
          "sensitive_attributes": [],
          "private": "eyJlMmJmYjczMC1lY2FhLTExZTYtOGY4OC0zNDM2M2JjN2M0YzAiOnsiY3JlYXRlIjoxMjAwMDAwMDAwMDAwLCJkZWxldGUiOjEyMDAwMDAwMDAwMDAsInVwZGF0ZSI6MTIwMDAwMDAwMDAwMH19"
        }
      ]
    },
    {
      "module": "module.registry",
      "mode": "managed",
      "type": "oci_artifacts_container_repository",
      "name": "dojo_repos",
      "provider": "provider[\"registry.terraform.io/hashicorp/oci\"]",
      "instances": [
        {
          "index_key": "dojo-backend",
          "schema_version": 0,
          "attributes": {
            "billable_size_in_gbs": "0",
            "compartment_id": "ocid1.compartment.oc1..aaaaaaaaqzkaic4iksnifaevb4xhegxftjuniyzbvwc6tp32ho3vd7vvrdta",
            "created_by": "ocid1.user.oc1..aaaaaaaawkcpvlcrhxflb7q2k7ay5pnauu52nboulsqrzco2xrsinptpjmgq",
            "defined_tags": {},
            "display_name": "dojo-backend",
            "freeform_tags": {},
            "id": "ocid1.containerrepo.oc1.sa-saopaulo-1.0.grlidgqnerdm.aaaaaaaavaovsnpsupy32jio6lymxucjd5iboy42q4b6px3y7ogamqeqhnwq",
            "image_count": 0,
            "is_immutable": false,
            "is_public": false,
            "layer_count": 0,
            "layers_size_in_bytes": "0",
            "namespace": "grlidgqnerdm",
            "readme": [],
            "state": "AVAILABLE",
            "system_tags": {},
            "time_created": "2026-05-31 10:31:18.552 +0000 UTC",
            "time_last_pushed": null,
            "timeouts": null
          },
          "sensitive_attributes": [],
          "private": "eyJlMmJmYjczMC1lY2FhLTExZTYtOGY4OC0zNDM2M2JjN2M0YzAiOnsiY3JlYXRlIjoxMjAwMDAwMDAwMDAwLCJkZWxldGUiOjEyMDAwMDAwMDAwMDAsInVwZGF0ZSI6MTIwMDAwMDAwMDAwMH19"
        },
        {
          "index_key": "dojo-frontend",
          "schema_version": 0,
          "attributes": {
            "billable_size_in_gbs": "0",
            "compartment_id": "ocid1.compartment.oc1..aaaaaaaaqzkaic4iksnifaevb4xhegxftjuniyzbvwc6tp32ho3vd7vvrdta",
            "created_by": "ocid1.user.oc1..aaaaaaaawkcpvlcrhxflb7q2k7ay5pnauu52nboulsqrzco2xrsinptpjmgq",
            "defined_tags": {},
            "display_name": "dojo-frontend",
            "freeform_tags": {},
            "id": "ocid1.containerrepo.oc1.sa-saopaulo-1.0.grlidgqnerdm.aaaaaaaapa6ycokzgahwg5ct3lzuuh5kfnbls3epden5lvufvkpx5b3vmqea",
            "image_count": 0,
            "is_immutable": false,
            "is_public": false,
            "layer_count": 0,
            "layers_size_in_bytes": "0",
            "namespace": "grlidgqnerdm",
            "readme": [],
            "state": "AVAILABLE",
            "system_tags": {},
            "time_created": "2026-05-31 10:31:18.547 +0000 UTC",
            "time_last_pushed": null,
            "timeouts": null
          },
          "sensitive_attributes": [],
          "private": "eyJlMmJmYjczMC1lY2FhLTExZTYtOGY4OC0zNDM2M2JjN2M0YzAiOnsiY3JlYXRlIjoxMjAwMDAwMDAwMDAwLCJkZWxldGUiOjEyMDAwMDAwMDAwMDAsInVwZGF0ZSI6MTIwMDAwMDAwMDAwMH19"
        }
      ]
    },
    {
      "module": "module.storage",
      "mode": "managed",
      "type": "oci_objectstorage_bucket",
      "name": "terraform_state",
      "provider": "provider[\"registry.terraform.io/hashicorp/oci\"]",
      "instances": [
        {
          "schema_version": 0,
          "attributes": {
            "access_type": "NoPublicAccess",
            "approximate_count": "0",
            "approximate_size": "0",
            "auto_tiering": "Disabled",
            "bucket_id": "ocid1.bucket.oc1.sa-saopaulo-1.aaaaaaaas66v5sck2wecpiuuys7zisw4niv7zvgxv6hypfwyhasq4h2tr45a",
            "bucket_scope": "NAMESPACE",
            "compartment_id": "ocid1.compartment.oc1..aaaaaaaaqzkaic4iksnifaevb4xhegxftjuniyzbvwc6tp32ho3vd7vvrdta",
            "created_by": "ocid1.user.oc1..aaaaaaaawkcpvlcrhxflb7q2k7ay5pnauu52nboulsqrzco2xrsinptpjmgq",
            "defined_tags": {
              "Oracle-Tags.CreatedBy": "default/rodrigo.gregori@gmail.com",
              "Oracle-Tags.CreatedOn": "2026-05-31T10:31:18.452Z"
            },
            "etag": "a6dcdfdd-b598-47bc-97ae-219300c7aa53",
            "freeform_tags": {},
            "id": "n/grlidgqnerdm/b/dojo-terraform-state",
            "is_read_only": false,
            "kms_key_id": null,
            "metadata": {},
            "name": "dojo-terraform-state",
            "namespace": "grlidgqnerdm",
            "object_events_enabled": false,
            "object_lifecycle_policy_etag": null,
            "replication_enabled": false,
            "retention_rules": [],
            "storage_tier": "Standard",
            "time_created": "2026-05-31 10:31:18.467 +0000 UTC",
            "timeouts": null,
            "versioning": "Enabled"
          },
          "sensitive_attributes": [],
          "private": "eyJlMmJmYjczMC1lY2FhLTExZTYtOGY4OC0zNDM2M2JjN2M0YzAiOnsiY3JlYXRlIjoxMjAwMDAwMDAwMDAwLCJkZWxldGUiOjEyMDAwMDAwMDAwMDAsInVwZGF0ZSI6MTIwMDAwMDAwMDAwMH19"
        }
      ]
    }
  ],
  "check_results": null
}
