{
  "version": 4,
  "terraform_version": "1.4.5",
  "serial": 78,
  "lineage": "7421c406-68f5-6e1f-604c-7bd7c0564168",
  "outputs": {
    "bucket_name": {
      "value": "dojo-terraform-state",
      "type": "string"
    },
    "bucket_namespace": {
      "value": "grlidgqnerdm",
      "type": "string"
    },
    "cluster_endpoint": {
      "value": "137.131.180.26:6443",
      "type": "string"
    },
    "cluster_id": {
      "value": "ocid1.cluster.oc1.sa-saopaulo-1.aaaaaaaape6mhjk54nwnrv6nlbk3eaccyqkt2vnrk2niagg2bcpn4kwqub4q",
      "type": "string"
    },
    "node_pool_id": {
      "value": "ocid1.nodepool.oc1.sa-saopaulo-1.aaaaaaaayx42nyeybqi7w7adr2eesgkdsvb663n3qjep57ihln5uvsuyzrla",
      "type": "string"
    },
    "public_subnet_id": {
      "value": "ocid1.subnet.oc1.sa-saopaulo-1.aaaaaaaa6haemlmzboxv7lrwwvfiwp5eb5nqbngxezcbacqnesiukddxs4fq",
      "type": "string"
    },
    "repository_urls": {
      "value": {
        "dojo-backend": "sa-saopaulo-1.ocir.io/grlidgqnerdm/dojo-backend",
        "dojo-frontend": "sa-saopaulo-1.ocir.io/grlidgqnerdm/dojo-frontend"
      },
      "type": [
        "object",
        {
          "dojo-backend": "string",
          "dojo-frontend": "string"
        }
      ]
    },
    "vcn_id": {
      "value": "ocid1.vcn.oc1.sa-saopaulo-1.amaaaaaaygd575qanelnhttts2nq7ptyzfaccy2vyuyk7ucno7eubwqsuala",
      "type": "string"
    }
  },
  "resources": [
    {
      "module": "module.networking",
      "mode": "data",
      "type": "oci_core_services",
      "name": "all_oci_services",
      "provider": "provider[\"registry.terraform.io/hashicorp/oci\"]",
      "instances": [
        {
          "schema_version": 0,
          "attributes": {
            "filter": [
              {
                "name": "name",
                "regex": true,
                "values": [
                  "All .* Services In Oracle Services Network"
                ]
              }
            ],
            "id": "CoreServicesDataSource-0",
            "services": [
              {
                "cidr_block": "all-gru-services-in-oracle-services-network",
                "description": "All GRU Services In Oracle Services Network",
                "id": "ocid1.service.oc1.sa-saopaulo-1.aaaaaaaacd57uig6rzxm2qfipukbqpje2bhztqszh3aj7zk2jtvf6gvntena",
                "name": "All GRU Services In Oracle Services Network"
              }
            ]
          },
          "sensitive_attributes": []
        }
      ]
    },
    {
      "module": "module.networking",
      "mode": "managed",
      "type": "oci_core_internet_gateway",
      "name": "igw",
      "provider": "provider[\"registry.terraform.io/hashicorp/oci\"]",
      "instances": [
        {
          "schema_version": 0,
          "attributes": {
            "compartment_id": "ocid1.compartment.oc1..aaaaaaaaqzkaic4iksnifaevb4xhegxftjuniyzbvwc6tp32ho3vd7vvrdta",
            "defined_tags": {
              "Oracle-Tags.CreatedBy": "default/rodrigo.gregori@gmail.com",
              "Oracle-Tags.CreatedOn": "2026-05-31T10:31:19.206Z"
            },
            "display_name": "dojo-internet-gateway",
            "enabled": true,
            "freeform_tags": {},
            "id": "ocid1.internetgateway.oc1.sa-saopaulo-1.aaaaaaaaw4qyiq4polcbqdj6ggu4whtrrcnddt3awtnpfgpj5djkqjmolgea",
            "route_table_id": null,
            "state": "AVAILABLE",
            "time_created": "2026-05-31 10:31:19.245 +0000 UTC",
            "timeouts": null,
            "vcn_id": "ocid1.vcn.oc1.sa-saopaulo-1.amaaaaaaygd575qanelnhttts2nq7ptyzfaccy2vyuyk7ucno7eubwqsuala"
          },
          "sensitive_attributes": [],
          "private": "eyJlMmJmYjczMC1lY2FhLTExZTYtOGY4OC0zNDM2M2JjN2M0YzAiOnsiY3JlYXRlIjoxMjAwMDAwMDAwMDAwLCJkZWxldGUiOjEyMDAwMDAwMDAwMDAsInVwZGF0ZSI6MTIwMDAwMDAwMDAwMH19",
          "dependencies": [
            "module.networking.oci_core_vcn.dojo_vcn"
          ]
        }
      ]
    },
    {
      "module": "module.networking",
      "mode": "managed",
      "type": "oci_core_nat_gateway",
      "name": "nat",
      "provider": "provider[\"registry.terraform.io/hashicorp/oci\"]",
      "instances": [
        {
          "schema_version": 0,
          "attributes": {
            "block_traffic": false,
            "compartment_id": "ocid1.compartment.oc1..aaaaaaaaqzkaic4iksnifaevb4xhegxftjuniyzbvwc6tp32ho3vd7vvrdta",
            "defined_tags": {
              "Oracle-Tags.CreatedBy": "default/rodrigo.gregori@gmail.com",
              "Oracle-Tags.CreatedOn": "2026-05-31T10:31:18.958Z"
            },
            "display_name": "dojo-nat-gateway",
            "freeform_tags": {},
            "id": "ocid1.natgateway.oc1.sa-saopaulo-1.aaaaaaaaa2nbd7zllejxlqqbsw7ak22rilwm5qybalq4s5igl46glzccvhmq",
            "nat_ip": "136.248.110.39",
            "public_ip_id": "ocid1.publicip.oc1.sa-saopaulo-1.aaaaaaaangum2ylry2iearogl4mdudwdfuzoto35pba4zmvbe2tzo7aa4kfq",
            "route_table_id": null,
            "state": "AVAILABLE",
            "time_created": "2026-05-31 10:31:19.248 +0000 UTC",
            "timeouts": null,
            "vcn_id": "ocid1.vcn.oc1.sa-saopaulo-1.amaaaaaaygd575qanelnhttts2nq7ptyzfaccy2vyuyk7ucno7eubwqsuala"
          },
          "sensitive_attributes": [],
          "private": "eyJlMmJmYjczMC1lY2FhLTExZTYtOGY4OC0zNDM2M2JjN2M0YzAiOnsiY3JlYXRlIjoxMjAwMDAwMDAwMDAwLCJkZWxldGUiOjEyMDAwMDAwMDAwMDAsInVwZGF0ZSI6MTIwMDAwMDAwMDAwMH19",
          "dependencies": [
            "module.networking.oci_core_vcn.dojo_vcn"
          ]
        }
      ]
    },
    {
      "module": "module.networking",
      "mode": "managed",
      "type": "oci_core_route_table",
      "name": "node_public_rt",
      "provider": "provider[\"registry.terraform.io/hashicorp/oci\"]",
      "instances": [
        {
          "schema_version": 0,
          "attributes": {
            "compartment_id": "ocid1.compartment.oc1..aaaaaaaaqzkaic4iksnifaevb4xhegxftjuniyzbvwc6tp32ho3vd7vvrdta",
            "defined_tags": {
              "Oracle-Tags.CreatedBy": "default/rodrigo.gregori@gmail.com",
              "Oracle-Tags.CreatedOn": "2026-05-31T14:39:12.916Z"
            },
            "display_name": "dojo-node-public-route-table",
            "freeform_tags": {},
            "id": "ocid1.routetable.oc1.sa-saopaulo-1.aaaaaaaam2qjvjfqgkosms5dcerac36of26zihx42cax2pvy7i2visptgkuq",
            "route_rules": [
              {
                "cidr_block": "",
                "description": "",
                "destination": "0.0.0.0/0",
                "destination_type": "CIDR_BLOCK",
                "network_entity_id": "ocid1.internetgateway.oc1.sa-saopaulo-1.aaaaaaaaw4qyiq4polcbqdj6ggu4whtrrcnddt3awtnpfgpj5djkqjmolgea",
                "route_type": "STATIC"
              }
            ],
            "state": "AVAILABLE",
            "time_created": "2026-05-31 14:39:12.945 +0000 UTC",
            "timeouts": null,
            "vcn_id": "ocid1.vcn.oc1.sa-saopaulo-1.amaaaaaaygd575qanelnhttts2nq7ptyzfaccy2vyuyk7ucno7eubwqsuala"
          },
          "sensitive_attributes": [],
          "private": "eyJlMmJmYjczMC1lY2FhLTExZTYtOGY4OC0zNDM2M2JjN2M0YzAiOnsiY3JlYXRlIjoxMjAwMDAwMDAwMDAwLCJkZWxldGUiOjEyMDAwMDAwMDAwMDAsInVwZGF0ZSI6MTIwMDAwMDAwMDAwMH19",
          "dependencies": [
            "module.networking.oci_core_internet_gateway.igw",
            "module.networking.oci_core_vcn.dojo_vcn"
          ]
        }
      ]
    },
    {
      "module": "module.networking",
      "mode": "managed",
      "type": "oci_core_route_table",
      "name": "private_rt",
      "provider": "provider[\"registry.terraform.io/hashicorp/oci\"]",
      "instances": [
        {
          "schema_version": 0,
          "attributes": {
            "compartment_id": "ocid1.compartment.oc1..aaaaaaaaqzkaic4iksnifaevb4xhegxftjuniyzbvwc6tp32ho3vd7vvrdta",
            "defined_tags": {
              "Oracle-Tags.CreatedBy": "default/rodrigo.gregori@gmail.com",
              "Oracle-Tags.CreatedOn": "2026-05-31T10:31:20.470Z"
            },
            "display_name": "dojo-private-route-table",
            "freeform_tags": {},
            "id": "ocid1.routetable.oc1.sa-saopaulo-1.aaaaaaaa6lwgrktzuinjcutk7jfaddctcprift5rjdokgrvvedosvyxdyyaq",
            "route_rules": [
              {
                "cidr_block": "",
                "description": "",
                "destination": "0.0.0.0/0",
                "destination_type": "CIDR_BLOCK",
                "network_entity_id": "ocid1.natgateway.oc1.sa-saopaulo-1.aaaaaaaaa2nbd7zllejxlqqbsw7ak22rilwm5qybalq4s5igl46glzccvhmq",
                "route_type": "STATIC"
              },
              {
                "cidr_block": "",
                "description": "",
                "destination": "all-gru-services-in-oracle-services-network",
                "destination_type": "SERVICE_CIDR_BLOCK",
                "network_entity_id": "ocid1.servicegateway.oc1.sa-saopaulo-1.aaaaaaaau4fgh3jhsegufby4y74d6ybbimjprt7gftgd4wf2lta2jbwnsq2q",
                "route_type": "STATIC"
              }
            ],
            "state": "AVAILABLE",
            "time_created": "2026-05-31 10:31:20.51 +0000 UTC",
            "timeouts": null,
            "vcn_id": "ocid1.vcn.oc1.sa-saopaulo-1.amaaaaaaygd575qanelnhttts2nq7ptyzfaccy2vyuyk7ucno7eubwqsuala"
          },
          "sensitive_attributes": [],
          "private": "eyJlMmJmYjczMC1lY2FhLTExZTYtOGY4OC0zNDM2M2JjN2M0YzAiOnsiY3JlYXRlIjoxMjAwMDAwMDAwMDAwLCJkZWxldGUiOjEyMDAwMDAwMDAwMDAsInVwZGF0ZSI6MTIwMDAwMDAwMDAwMH19",
          "dependencies": [
            "module.networking.data.oci_core_services.all_oci_services",
            "module.networking.oci_core_nat_gateway.nat",
            "module.networking.oci_core_service_gateway.sgw",
            "module.networking.oci_core_vcn.dojo_vcn"
          ]
        }
      ]
    },
    {
      "module": "module.networking",
      "mode": "managed",
      "type": "oci_core_route_table",
      "name": "public_rt",
      "provider": "provider[\"registry.terraform.io/hashicorp/oci\"]",
      "instances": [
        {
          "schema_version": 0,
          "attributes": {
            "compartment_id": "ocid1.compartment.oc1..aaaaaaaaqzkaic4iksnifaevb4xhegxftjuniyzbvwc6tp32ho3vd7vvrdta",
            "defined_tags": {
              "Oracle-Tags.CreatedBy": "default/rodrigo.gregori@gmail.com",
              "Oracle-Tags.CreatedOn": "2026-05-31T10:31:19.753Z"
            },
            "display_name": "dojo-public-route-table",
            "freeform_tags": {},
            "id": "ocid1.routetable.oc1.sa-saopaulo-1.aaaaaaaabaqwp2g24bvk26can3qu23zb5onuuptfb7u2vzoyxzorriswxoka",
            "route_rules": [
              {
                "cidr_block": "",
                "description": "",
                "destination": "0.0.0.0/0",
                "destination_type": "CIDR_BLOCK",
                "network_entity_id": "ocid1.internetgateway.oc1.sa-saopaulo-1.aaaaaaaaw4qyiq4polcbqdj6ggu4whtrrcnddt3awtnpfgpj5djkqjmolgea",
                "route_type": "STATIC"
              }
            ],
            "state": "AVAILABLE",
            "time_created": "2026-05-31 10:31:19.779 +0000 UTC",
            "timeouts": null,
            "vcn_id": "ocid1.vcn.oc1.sa-saopaulo-1.amaaaaaaygd575qanelnhttts2nq7ptyzfaccy2vyuyk7ucno7eubwqsuala"
          },
          "sensitive_attributes": [],
          "private": "eyJlMmJmYjczMC1lY2FhLTExZTYtOGY4OC0zNDM2M2JjN2M0YzAiOnsiY3JlYXRlIjoxMjAwMDAwMDAwMDAwLCJkZWxldGUiOjEyMDAwMDAwMDAwMDAsInVwZGF0ZSI6MTIwMDAwMDAwMDAwMH19",
          "dependencies": [
            "module.networking.oci_core_internet_gateway.igw",
            "module.networking.oci_core_vcn.dojo_vcn"
          ]
        }
      ]
    },
    {
      "module": "module.networking",
      "mode": "managed",
      "type": "oci_core_security_list",
      "name": "node_public_sl",
      "provider": "provider[\"registry.terraform.io/hashicorp/oci\"]",
      "instances": [
        {
          "schema_version": 0,
          "attributes": {
            "compartment_id": "ocid1.compartment.oc1..aaaaaaaaqzkaic4iksnifaevb4xhegxftjuniyzbvwc6tp32ho3vd7vvrdta",
            "defined_tags": {
              "Oracle-Tags.CreatedBy": "default/rodrigo.gregori@gmail.com",
              "Oracle-Tags.CreatedOn": "2026-05-31T14:39:12.899Z"
            },
            "display_name": "dojo-node-public-security-list",
            "egress_security_rules": [
              {
                "description": "",
                "destination": "0.0.0.0/0",
                "destination_type": "CIDR_BLOCK",
                "icmp_options": [],
                "protocol": "all",
                "stateless": false,
                "tcp_options": [],
                "udp_options": []
              }
            ],
            "freeform_tags": {},
            "id": "ocid1.securitylist.oc1.sa-saopaulo-1.aaaaaaaahfhswjadi7r6llc7bv2vcv2vmw2aisp5yfsje4fy3cjbdqtnx7jq",
            "ingress_security_rules": [
              {
                "description": "",
                "icmp_options": [],
                "protocol": "6",
                "source": "0.0.0.0/0",
                "source_type": "CIDR_BLOCK",
                "stateless": false,
                "tcp_options": [
                  {
                    "max": 22,
                    "min": 22,
                    "source_port_range": []
                  }
                ],
                "udp_options": []
              },
              {
                "description": "",
                "icmp_options": [],
                "protocol": "all",
                "source": "10.0.0.0/16",
                "source_type": "CIDR_BLOCK",
                "stateless": false,
                "tcp_options": [],
                "udp_options": []
              }
            ],
            "state": "AVAILABLE",
            "time_created": "2026-05-31 14:39:12.936 +0000 UTC",
            "timeouts": null,
            "vcn_id": "ocid1.vcn.oc1.sa-saopaulo-1.amaaaaaaygd575qanelnhttts2nq7ptyzfaccy2vyuyk7ucno7eubwqsuala"
          },
          "sensitive_attributes": [],
          "private": "eyJlMmJmYjczMC1lY2FhLTExZTYtOGY4OC0zNDM2M2JjN2M0YzAiOnsiY3JlYXRlIjoxMjAwMDAwMDAwMDAwLCJkZWxldGUiOjEyMDAwMDAwMDAwMDAsInVwZGF0ZSI6MTIwMDAwMDAwMDAwMH19",
          "dependencies": [
            "module.networking.oci_core_vcn.dojo_vcn"
          ]
        }
      ]
    },
    {
      "module": "module.networking",
      "mode": "managed",
      "type": "oci_core_security_list",
      "name": "private_sl",
      "provider": "provider[\"registry.terraform.io/hashicorp/oci\"]",
      "instances": [
        {
          "schema_version": 0,
          "attributes": {
            "compartment_id": "ocid1.compartment.oc1..aaaaaaaaqzkaic4iksnifaevb4xhegxftjuniyzbvwc6tp32ho3vd7vvrdta",
            "defined_tags": {
              "Oracle-Tags.CreatedBy": "default/rodrigo.gregori@gmail.com",
              "Oracle-Tags.CreatedOn": "2026-05-31T10:31:19.065Z"
            },
            "display_name": "dojo-private-security-list",
            "egress_security_rules": [
              {
                "description": "",
                "destination": "0.0.0.0/0",
                "destination_type": "CIDR_BLOCK",
                "icmp_options": [],
                "protocol": "all",
                "stateless": false,
                "tcp_options": [],
                "udp_options": []
              }
            ],
            "freeform_tags": {},
            "id": "ocid1.securitylist.oc1.sa-saopaulo-1.aaaaaaaamvtqzyjqvtjrcyjbmjgezke4a34v5tylcdbrj2oe6jjg22df4wha",
            "ingress_security_rules": [
              {
                "description": "",
                "icmp_options": [],
                "protocol": "all",
                "source": "10.0.0.0/16",
                "source_type": "CIDR_BLOCK",
                "stateless": false,
                "tcp_options": [],
                "udp_options": []
              }
            ],
            "state": "AVAILABLE",
            "time_created": "2026-05-31 10:31:19.104 +0000 UTC",
            "timeouts": null,
            "vcn_id": "ocid1.vcn.oc1.sa-saopaulo-1.amaaaaaaygd575qanelnhttts2nq7ptyzfaccy2vyuyk7ucno7eubwqsuala"
          },
          "sensitive_attributes": [],
          "private": "eyJlMmJmYjczMC1lY2FhLTExZTYtOGY4OC0zNDM2M2JjN2M0YzAiOnsiY3JlYXRlIjoxMjAwMDAwMDAwMDAwLCJkZWxldGUiOjEyMDAwMDAwMDAwMDAsInVwZGF0ZSI6MTIwMDAwMDAwMDAwMH19",
          "dependencies": [
            "module.networking.oci_core_vcn.dojo_vcn"
          ]
        }
      ]
    },
    {
      "module": "module.networking",
      "mode": "managed",
      "type": "oci_core_security_list",
      "name": "public_sl",
      "provider": "provider[\"registry.terraform.io/hashicorp/oci\"]",
      "instances": [
        {
          "schema_version": 0,
          "attributes": {
            "compartment_id": "ocid1.compartment.oc1..aaaaaaaaqzkaic4iksnifaevb4xhegxftjuniyzbvwc6tp32ho3vd7vvrdta",
            "defined_tags": {
              "Oracle-Tags.CreatedBy": "default/rodrigo.gregori@gmail.com",
              "Oracle-Tags.CreatedOn": "2026-05-31T10:31:19.182Z"
            },
            "display_name": "dojo-public-security-list",
            "egress_security_rules": [
              {
                "description": "",
                "destination": "0.0.0.0/0",
                "destination_type": "CIDR_BLOCK",
                "icmp_options": [],
                "protocol": "all",
                "stateless": false,
                "tcp_options": [],
                "udp_options": []
              }
            ],
            "freeform_tags": {},
            "id": "ocid1.securitylist.oc1.sa-saopaulo-1.aaaaaaaapno6m7br7etvzuiqer5flqn5jivebli3jsexy6ppq3oempvq6pxa",
            "ingress_security_rules": [
              {
                "description": "",
                "icmp_options": [],
                "protocol": "6",
                "source": "0.0.0.0/0",
                "source_type": "CIDR_BLOCK",
                "stateless": false,
                "tcp_options": [
                  {
                    "max": 22,
                    "min": 22,
                    "source_port_range": []
                  }
                ],
                "udp_options": []
              },
              {
                "description": "",
                "icmp_options": [],
                "protocol": "6",
                "source": "0.0.0.0/0",
                "source_type": "CIDR_BLOCK",
                "stateless": false,
                "tcp_options": [
                  {
                    "max": 443,
                    "min": 443,
                    "source_port_range": []
                  }
                ],
                "udp_options": []
              },
              {
                "description": "",
                "icmp_options": [],
                "protocol": "6",
                "source": "0.0.0.0/0",
                "source_type": "CIDR_BLOCK",
                "stateless": false,
                "tcp_options": [
                  {
                    "max": 6443,
                    "min": 6443,
                    "source_port_range": []
                  }
                ],
                "udp_options": []
              },
              {
                "description": "",
                "icmp_options": [],
                "protocol": "6",
                "source": "0.0.0.0/0",
                "source_type": "CIDR_BLOCK",
                "stateless": false,
                "tcp_options": [
                  {
                    "max": 80,
                    "min": 80,
                    "source_port_range": []
                  }
                ],
                "udp_options": []
              }
            ],
            "state": "AVAILABLE",
            "time_created": "2026-05-31 10:31:19.218 +0000 UTC",
            "timeouts": null,
            "vcn_id": "ocid1.vcn.oc1.sa-saopaulo-1.amaaaaaaygd575qanelnhttts2nq7ptyzfaccy2vyuyk7ucno7eubwqsuala"
          },
          "sensitive_attributes": [],
          "private": "eyJlMmJmYjczMC1lY2FhLTExZTYtOGY4OC0zNDM2M2JjN2M0YzAiOnsiY3JlYXRlIjoxMjAwMDAwMDAwMDAwLCJkZWxldGUiOjEyMDAwMDAwMDAwMDAsInVwZGF0ZSI6MTIwMDAwMDAwMDAwMH19",
          "dependencies": [
            "module.networking.oci_core_vcn.dojo_vcn"
          ]
        }
      ]
    },
    {
      "module": "module.networking",
      "mode": "managed",
      "type": "oci_core_service_gateway",
      "name": "sgw",
      "provider": "provider[\"registry.terraform.io/hashicorp/oci\"]",
      "instances": [
        {
          "schema_version": 0,
          "attributes": {
            "block_traffic": false,
            "compartment_id": "ocid1.compartment.oc1..aaaaaaaaqzkaic4iksnifaevb4xhegxftjuniyzbvwc6tp32ho3vd7vvrdta",
            "defined_tags": {
              "Oracle-Tags.CreatedBy": "default/rodrigo.gregori@gmail.com",
              "Oracle-Tags.CreatedOn": "2026-05-31T12:18:23.318Z"
            },
            "display_name": "dojo-service-gateway",
            "freeform_tags": {},
            "id": "ocid1.servicegateway.oc1.sa-saopaulo-1.aaaaaaaau4fgh3jhsegufby4y74d6ybbimjprt7gftgd4wf2lta2jbwnsq2q",
            "route_table_id": null,
            "services": [
              {
                "service_id": "ocid1.service.oc1.sa-saopaulo-1.aaaaaaaacd57uig6rzxm2qfipukbqpje2bhztqszh3aj7zk2jtvf6gvntena",
                "service_name": "All GRU Services In Oracle Services Network"
              }
            ],
            "state": "AVAILABLE",
            "time_created": "2026-05-31 12:18:24.042 +0000 UTC",
            "timeouts": null,
            "vcn_id": "ocid1.vcn.oc1.sa-saopaulo-1.amaaaaaaygd575qanelnhttts2nq7ptyzfaccy2vyuyk7ucno7eubwqsuala"
          },
          "sensitive_attributes": [],
          "private": "eyJlMmJmYjczMC1lY2FhLTExZTYtOGY4OC0zNDM2M2JjN2M0YzAiOnsiY3JlYXRlIjoxMjAwMDAwMDAwMDAwLCJkZWxldGUiOjEyMDAwMDAwMDAwMDAsInVwZGF0ZSI6MTIwMDAwMDAwMDAwMH19",
          "dependencies": [
            "module.networking.data.oci_core_services.all_oci_services",
            "module.networking.oci_core_vcn.dojo_vcn"
          ]
        }
      ]
    },
    {
      "module": "module.networking",
      "mode": "managed",
      "type": "oci_core_subnet",
      "name": "cluster_endpoint_subnet",
      "provider": "provider[\"registry.terraform.io/hashicorp/oci\"]",
      "instances": [
        {
          "schema_version": 0,
          "attributes": {
            "availability_domain": null,
            "cidr_block": "10.0.5.0/24",
            "compartment_id": "ocid1.compartment.oc1..aaaaaaaaqzkaic4iksnifaevb4xhegxftjuniyzbvwc6tp32ho3vd7vvrdta",
            "defined_tags": {
              "Oracle-Tags.CreatedBy": "default/rodrigo.gregori@gmail.com",
              "Oracle-Tags.CreatedOn": "2026-05-31T15:33:44.128Z"
            },
            "dhcp_options_id": "ocid1.dhcpoptions.oc1.sa-saopaulo-1.aaaaaaaalqrbpqrqb6y5cuo27pl24kfjxo6gkdvux7jyrrf7vp4vlpyuiukq",
            "display_name": "dojo-cluster-endpoint-subnet",
            "dns_label": "endpoint",
            "freeform_tags": {},
            "id": "ocid1.subnet.oc1.sa-saopaulo-1.aaaaaaaagm3xthpjmp6lzqjilgge7mkyrculs2jdrrr5tktfis55njlpt7tq",
            "ipv4cidr_blocks": [
              "10.0.5.0/24"
            ],
            "ipv6cidr_block": null,
            "ipv6cidr_blocks": [],
            "ipv6virtual_router_ip": null,
            "prohibit_internet_ingress": false,
            "prohibit_public_ip_on_vnic": false,
            "route_table_id": "ocid1.routetable.oc1.sa-saopaulo-1.aaaaaaaabaqwp2g24bvk26can3qu23zb5onuuptfb7u2vzoyxzorriswxoka",
            "security_list_ids": [
              "ocid1.securitylist.oc1.sa-saopaulo-1.aaaaaaaapno6m7br7etvzuiqer5flqn5jivebli3jsexy6ppq3oempvq6pxa"
            ],
            "state": "AVAILABLE",
            "subnet_domain_name": "endpoint.dojo.oraclevcn.com",
            "time_created": "2026-05-31 15:33:44.17 +0000 UTC",
            "timeouts": null,
            "vcn_id": "ocid1.vcn.oc1.sa-saopaulo-1.amaaaaaaygd575qanelnhttts2nq7ptyzfaccy2vyuyk7ucno7eubwqsuala",
            "virtual_router_ip": "10.0.5.1",
            "virtual_router_mac": "00:00:17:74:10:49"
          },
          "sensitive_attributes": [],
          "private": "eyJlMmJmYjczMC1lY2FhLTExZTYtOGY4OC0zNDM2M2JjN2M0YzAiOnsiY3JlYXRlIjoxMjAwMDAwMDAwMDAwLCJkZWxldGUiOjEyMDAwMDAwMDAwMDAsInVwZGF0ZSI6MTIwMDAwMDAwMDAwMH19",
          "dependencies": [
            "module.networking.oci_core_internet_gateway.igw",
            "module.networking.oci_core_route_table.public_rt",
            "module.networking.oci_core_security_list.public_sl",
            "module.networking.oci_core_vcn.dojo_vcn"
          ]
        }
      ]
    },
    {
      "module": "module.networking",
      "mode": "managed",
      "type": "oci_core_subnet",
      "name": "node_public_subnet",
      "provider": "provider[\"registry.terraform.io/hashicorp/oci\"]",
      "instances": [
        {
          "schema_version": 0,
          "attributes": {
            "availability_domain": null,
            "cidr_block": "10.0.4.0/24",
            "compartment_id": "ocid1.compartment.oc1..aaaaaaaaqzkaic4iksnifaevb4xhegxftjuniyzbvwc6tp32ho3vd7vvrdta",
            "defined_tags": {
              "Oracle-Tags.CreatedBy": "default/rodrigo.gregori@gmail.com",
              "Oracle-Tags.CreatedOn": "2026-05-31T14:39:13.622Z"
            },
            "dhcp_options_id": "ocid1.dhcpoptions.oc1.sa-saopaulo-1.aaaaaaaalqrbpqrqb6y5cuo27pl24kfjxo6gkdvux7jyrrf7vp4vlpyuiukq",
            "display_name": "dojo-node-public-subnet",
            "dns_label": "nodepublic",
            "freeform_tags": {},
            "id": "ocid1.subnet.oc1.sa-saopaulo-1.aaaaaaaaazdhrsscazpfenn3rrbvupxud4dzwxmgigl2xbyaerpusndicutq",
            "ipv4cidr_blocks": [
              "10.0.4.0/24"
            ],
            "ipv6cidr_block": null,
            "ipv6cidr_blocks": [],
            "ipv6virtual_router_ip": null,
            "prohibit_internet_ingress": false,
            "prohibit_public_ip_on_vnic": false,
            "route_table_id": "ocid1.routetable.oc1.sa-saopaulo-1.aaaaaaaam2qjvjfqgkosms5dcerac36of26zihx42cax2pvy7i2visptgkuq",
            "security_list_ids": [
              "ocid1.securitylist.oc1.sa-saopaulo-1.aaaaaaaahfhswjadi7r6llc7bv2vcv2vmw2aisp5yfsje4fy3cjbdqtnx7jq"
            ],
            "state": "AVAILABLE",
            "subnet_domain_name": "nodepublic.dojo.oraclevcn.com",
            "time_created": "2026-05-31 14:39:13.667 +0000 UTC",
            "timeouts": null,
            "vcn_id": "ocid1.vcn.oc1.sa-saopaulo-1.amaaaaaaygd575qanelnhttts2nq7ptyzfaccy2vyuyk7ucno7eubwqsuala",
            "virtual_router_ip": "10.0.4.1",
            "virtual_router_mac": "00:00:17:74:10:49"
          },
          "sensitive_attributes": [],
          "private": "eyJlMmJmYjczMC1lY2FhLTExZTYtOGY4OC0zNDM2M2JjN2M0YzAiOnsiY3JlYXRlIjoxMjAwMDAwMDAwMDAwLCJkZWxldGUiOjEyMDAwMDAwMDAwMDAsInVwZGF0ZSI6MTIwMDAwMDAwMDAwMH19",
          "dependencies": [
            "module.networking.oci_core_internet_gateway.igw",
            "module.networking.oci_core_route_table.node_public_rt",
            "module.networking.oci_core_security_list.node_public_sl",
            "module.networking.oci_core_vcn.dojo_vcn"
          ]
        }
      ]
    },
    {
      "module": "module.networking",
      "mode": "managed",
      "type": "oci_core_subnet",
      "name": "private_subnet",
      "provider": "provider[\"registry.terraform.io/hashicorp/oci\"]",
      "instances": [
        {
          "schema_version": 0,
          "attributes": {
            "availability_domain": null,
            "cidr_block": "10.0.2.0/24",
            "compartment_id": "ocid1.compartment.oc1..aaaaaaaaqzkaic4iksnifaevb4xhegxftjuniyzbvwc6tp32ho3vd7vvrdta",
            "defined_tags": {
              "Oracle-Tags.CreatedBy": "default/rodrigo.gregori@gmail.com",
              "Oracle-Tags.CreatedOn": "2026-05-31T10:33:15.538Z"
            },
            "dhcp_options_id": "ocid1.dhcpoptions.oc1.sa-saopaulo-1.aaaaaaaalqrbpqrqb6y5cuo27pl24kfjxo6gkdvux7jyrrf7vp4vlpyuiukq",
            "display_name": "dojo-private-subnet",
            "dns_label": "private",
            "freeform_tags": {},
            "id": "ocid1.subnet.oc1.sa-saopaulo-1.aaaaaaaazgio7zysjd2gwor5tnfz7ki4myvwg66noeaayvjuyqhhqmzfbabq",
            "ipv4cidr_blocks": [
              "10.0.2.0/24"
            ],
            "ipv6cidr_block": null,
            "ipv6cidr_blocks": [],
            "ipv6virtual_router_ip": null,
            "prohibit_internet_ingress": false,
            "prohibit_public_ip_on_vnic": false,
            "route_table_id": "ocid1.routetable.oc1.sa-saopaulo-1.aaaaaaaa6lwgrktzuinjcutk7jfaddctcprift5rjdokgrvvedosvyxdyyaq",
            "security_list_ids": [
              "ocid1.securitylist.oc1.sa-saopaulo-1.aaaaaaaamvtqzyjqvtjrcyjbmjgezke4a34v5tylcdbrj2oe6jjg22df4wha"
            ],
            "state": "AVAILABLE",
            "subnet_domain_name": "private.dojo.oraclevcn.com",
            "time_created": "2026-05-31 10:33:15.854 +0000 UTC",
            "timeouts": null,
            "vcn_id": "ocid1.vcn.oc1.sa-saopaulo-1.amaaaaaaygd575qanelnhttts2nq7ptyzfaccy2vyuyk7ucno7eubwqsuala",
            "virtual_router_ip": "10.0.2.1",
            "virtual_router_mac": "00:00:17:74:10:49"
          },
          "sensitive_attributes": [],
          "private": "eyJlMmJmYjczMC1lY2FhLTExZTYtOGY4OC0zNDM2M2JjN2M0YzAiOnsiY3JlYXRlIjoxMjAwMDAwMDAwMDAwLCJkZWxldGUiOjEyMDAwMDAwMDAwMDAsInVwZGF0ZSI6MTIwMDAwMDAwMDAwMH19",
          "dependencies": [
            "module.networking.data.oci_core_services.all_oci_services",
            "module.networking.oci_core_nat_gateway.nat",
            "module.networking.oci_core_route_table.private_rt",
            "module.networking.oci_core_security_list.private_sl",
            "module.networking.oci_core_service_gateway.sgw",
            "module.networking.oci_core_vcn.dojo_vcn"
          ]
        }
      ]
    },
    {
      "module": "module.networking",
      "mode": "managed",
      "type": "oci_core_subnet",
      "name": "public_subnet",
      "provider": "provider[\"registry.terraform.io/hashicorp/oci\"]",
      "instances": [
        {
          "schema_version": 0,
          "attributes": {
            "availability_domain": null,
            "cidr_block": "10.0.1.0/24",
            "compartment_id": "ocid1.compartment.oc1..aaaaaaaaqzkaic4iksnifaevb4xhegxftjuniyzbvwc6tp32ho3vd7vvrdta",
            "defined_tags": {
              "Oracle-Tags.CreatedBy": "default/rodrigo.gregori@gmail.com",
              "Oracle-Tags.CreatedOn": "2026-05-31T10:33:15.548Z"
            },
            "dhcp_options_id": "ocid1.dhcpoptions.oc1.sa-saopaulo-1.aaaaaaaalqrbpqrqb6y5cuo27pl24kfjxo6gkdvux7jyrrf7vp4vlpyuiukq",
            "display_name": "dojo-public-subnet",
            "dns_label": "public",
            "freeform_tags": {},
            "id": "ocid1.subnet.oc1.sa-saopaulo-1.aaaaaaaa6haemlmzboxv7lrwwvfiwp5eb5nqbngxezcbacqnesiukddxs4fq",
            "ipv4cidr_blocks": [
              "10.0.1.0/24"
            ],
            "ipv6cidr_block": null,
            "ipv6cidr_blocks": [],
            "ipv6virtual_router_ip": null,
            "prohibit_internet_ingress": false,
            "prohibit_public_ip_on_vnic": false,
            "route_table_id": "ocid1.routetable.oc1.sa-saopaulo-1.aaaaaaaabaqwp2g24bvk26can3qu23zb5onuuptfb7u2vzoyxzorriswxoka",
            "security_list_ids": [
              "ocid1.securitylist.oc1.sa-saopaulo-1.aaaaaaaapno6m7br7etvzuiqer5flqn5jivebli3jsexy6ppq3oempvq6pxa"
            ],
            "state": "AVAILABLE",
            "subnet_domain_name": "public.dojo.oraclevcn.com",
            "time_created": "2026-05-31 10:33:15.582 +0000 UTC",
            "timeouts": null,
            "vcn_id": "ocid1.vcn.oc1.sa-saopaulo-1.amaaaaaaygd575qanelnhttts2nq7ptyzfaccy2vyuyk7ucno7eubwqsuala",
            "virtual_router_ip": "10.0.1.1",
            "virtual_router_mac": "00:00:17:74:10:49"
          },
          "sensitive_attributes": [],
          "private": "eyJlMmJmYjczMC1lY2FhLTExZTYtOGY4OC0zNDM2M2JjN2M0YzAiOnsiY3JlYXRlIjoxMjAwMDAwMDAwMDAwLCJkZWxldGUiOjEyMDAwMDAwMDAwMDAsInVwZGF0ZSI6MTIwMDAwMDAwMDAwMH19",
          "dependencies": [
            "module.networking.oci_core_internet_gateway.igw",
            "module.networking.oci_core_route_table.public_rt",
            "module.networking.oci_core_security_list.public_sl",
            "module.networking.oci_core_vcn.dojo_vcn"
          ]
        }
      ]
    },
    {
      "module": "module.networking",
      "mode": "managed",
      "type": "oci_core_vcn",
      "name": "dojo_vcn",
      "provider": "provider[\"registry.terraform.io/hashicorp/oci\"]",
      "instances": [
        {
          "schema_version": 0,
          "attributes": {
            "byoipv6cidr_blocks": [],
            "byoipv6cidr_details": [],
            "cidr_block": "10.0.0.0/16",
            "cidr_blocks": [
              "10.0.0.0/16"
            ],
            "compartment_id": "ocid1.compartment.oc1..aaaaaaaaqzkaic4iksnifaevb4xhegxftjuniyzbvwc6tp32ho3vd7vvrdta",
            "default_dhcp_options_id": "ocid1.dhcpoptions.oc1.sa-saopaulo-1.aaaaaaaalqrbpqrqb6y5cuo27pl24kfjxo6gkdvux7jyrrf7vp4vlpyuiukq",
            "default_route_table_id": "ocid1.routetable.oc1.sa-saopaulo-1.aaaaaaaa3q6k4pd3qh5ppz6kiiolav6iiuhfnfja6jmk56c6zt7ijzok4skq",
            "default_security_list_id": "ocid1.securitylist.oc1.sa-saopaulo-1.aaaaaaaa3urhrle7yrrcpovvemtwnsf7pwtm2yhsif3zugd6wbazw7n6af2a",
            "defined_tags": {
              "Oracle-Tags.CreatedBy": "default/rodrigo.gregori@gmail.com",
              "Oracle-Tags.CreatedOn": "2026-05-31T10:31:18.351Z"
            },
            "display_name": "dojo-vcn",
            "dns_label": "dojo",
            "freeform_tags": {},
            "id": "ocid1.vcn.oc1.sa-saopaulo-1.amaaaaaaygd575qanelnhttts2nq7ptyzfaccy2vyuyk7ucno7eubwqsuala",
            "ipv6cidr_blocks": [],
            "ipv6private_cidr_blocks": [],
            "is_ipv6enabled": false,
            "is_oracle_gua_allocation_enabled": null,
            "security_attributes": {},
            "state": "AVAILABLE",
            "time_created": "2026-05-31 10:31:18.424 +0000 UTC",
            "timeouts": null,
            "vcn_domain_name": "dojo.oraclevcn.com"
          },
          "sensitive_attributes": [],
          "private": "eyJlMmJmYjczMC1lY2FhLTExZTYtOGY4OC0zNDM2M2JjN2M0YzAiOnsiY3JlYXRlIjoxMjAwMDAwMDAwMDAwLCJkZWxldGUiOjEyMDAwMDAwMDAwMDAsInVwZGF0ZSI6MTIwMDAwMDAwMDAwMH19"
        }
      ]
    },
    {
      "module": "module.oke",
      "mode": "data",
      "type": "oci_core_images",
      "name": "oke_images",
      "provider": "provider[\"registry.terraform.io/hashicorp/oci\"]",
      "instances": [
        {
          "schema_version": 0,
          "attributes": {
            "compartment_id": "ocid1.compartment.oc1..aaaaaaaaqzkaic4iksnifaevb4xhegxftjuniyzbvwc6tp32ho3vd7vvrdta",
            "display_name": null,
            "filter": null,
            "id": "CoreImagesDataSource-3438450439",
            "images": [
              {
                "agent_features": [],
                "base_image_id": "",
                "billable_size_in_gbs": "6",
                "compartment_id": "",
                "create_image_allowed": true,
                "defined_tags": {},
                "display_name": "Oracle-Linux-8.10-aarch64-2026.04.30-3",
                "freeform_tags": {},
                "id": "ocid1.image.oc1.sa-saopaulo-1.aaaaaaaagcbg4ft4ylwozxnf2fn5vncormaafl7y2oc76wtcta2k4hsof3ba",
                "image_source_details": [],
                "instance_id": "",
                "launch_mode": "NATIVE",
                "launch_options": [
                  {
                    "boot_volume_type": "PARAVIRTUALIZED",
                    "firmware": "UEFI_64",
                    "is_consistent_volume_naming_enabled": true,
                    "is_pv_encryption_in_transit_enabled": true,
                    "network_type": "PARAVIRTUALIZED",
                    "remote_data_volume_type": "PARAVIRTUALIZED"
                  }
                ],
                "listing_type": "",
                "operating_system": "Oracle Linux",
                "operating_system_version": "8",
                "size_in_mbs": "47719",
                "state": "AVAILABLE",
                "time_created": "2026-05-13 00:46:23.394 +0000 UTC"
              },
              {
                "agent_features": [],
                "base_image_id": "",
                "billable_size_in_gbs": "6",
                "compartment_id": "",
                "create_image_allowed": true,
                "defined_tags": {},
                "display_name": "Oracle-Linux-8.10-aarch64-2026.04.30-2",
                "freeform_tags": {},
                "id": "ocid1.image.oc1.sa-saopaulo-1.aaaaaaaatnio7yzomhrn5smntlx5ofqrebhoxkualm5sqllb62kien7ptpza",
                "image_source_details": [],
                "instance_id": "",
                "launch_mode": "NATIVE",
                "launch_options": [
                  {
                    "boot_volume_type": "PARAVIRTUALIZED",
                    "firmware": "UEFI_64",
                    "is_consistent_volume_naming_enabled": true,
                    "is_pv_encryption_in_transit_enabled": true,
                    "network_type": "PARAVIRTUALIZED",
                    "remote_data_volume_type": "PARAVIRTUALIZED"
                  }
                ],
                "listing_type": "",
                "operating_system": "Oracle Linux",
                "operating_system_version": "8",
                "size_in_mbs": "47719",
                "state": "AVAILABLE",
                "time_created": "2026-05-11 23:04:46.204 +0000 UTC"
              },
              {
                "agent_features": [],
                "base_image_id": "",
                "billable_size_in_gbs": "6",
                "compartment_id": "",
                "create_image_allowed": true,
                "defined_tags": {},
                "display_name": "Oracle-Linux-8.10-aarch64-2026.04.30-1",
                "freeform_tags": {},
                "id": "ocid1.image.oc1.sa-saopaulo-1.aaaaaaaacbcrwfck3m52pysb6dz7igpenqpiyxn4dlj6vbv3nvyoqqt7wdnq",
                "image_source_details": [],
                "instance_id": "",
                "launch_mode": "NATIVE",
                "launch_options": [
                  {
                    "boot_volume_type": "PARAVIRTUALIZED",
                    "firmware": "UEFI_64",
                    "is_consistent_volume_naming_enabled": true,
                    "is_pv_encryption_in_transit_enabled": true,
                    "network_type": "PARAVIRTUALIZED",
                    "remote_data_volume_type": "PARAVIRTUALIZED"
                  }
                ],
                "listing_type": "",
                "operating_system": "Oracle Linux",
                "operating_system_version": "8",
                "size_in_mbs": "47719",
                "state": "AVAILABLE",
                "time_created": "2026-05-05 21:28:48.243 +0000 UTC"
              }
            ],
            "operating_system": "Oracle Linux",
            "operating_system_version": "8",
            "shape": "VM.Standard.A1.Flex",
            "sort_by": "TIMECREATED",
            "sort_order": "DESC",
            "state": null
          },
          "sensitive_attributes": []
        }
      ]
    },
    {
      "module": "module.oke",
      "mode": "managed",
      "type": "oci_containerengine_cluster",
      "name": "dojo_cluster",
      "provider": "provider[\"registry.terraform.io/hashicorp/oci\"]",
      "instances": [
        {
          "schema_version": 0,
          "attributes": {
            "available_kubernetes_upgrades": [
              "v1.35.0",
              "v1.35.2"
            ],
            "cluster_pod_network_options": [
              {
                "cni_type": "FLANNEL_OVERLAY"
              }
            ],
            "compartment_id": "ocid1.compartment.oc1..aaaaaaaaqzkaic4iksnifaevb4xhegxftjuniyzbvwc6tp32ho3vd7vvrdta",
            "defined_tags": {
              "Oracle-Tags.CreatedBy": "default/rodrigo.gregori@gmail.com",
              "Oracle-Tags.CreatedOn": "2026-06-01T22:03:17.903Z"
            },
            "endpoint_config": [
              {
                "is_public_ip_enabled": true,
                "nsg_ids": [],
                "security_attributes": {},
                "subnet_id": "ocid1.subnet.oc1.sa-saopaulo-1.aaaaaaaagm3xthpjmp6lzqjilgge7mkyrculs2jdrrr5tktfis55njlpt7tq"
              }
            ],
            "endpoints": [
              {
                "ipv6endpoint": "",
                "kubernetes": "",
                "private_endpoint": "10.0.5.16:6443",
                "public_endpoint": "137.131.180.26:6443",
                "vcn_hostname_endpoint": "cpn4kwqub4q.endpoint.dojo.oraclevcn.com:6443"
              }
            ],
            "freeform_tags": {},
            "id": "ocid1.cluster.oc1.sa-saopaulo-1.aaaaaaaape6mhjk54nwnrv6nlbk3eaccyqkt2vnrk2niagg2bcpn4kwqub4q",
            "image_policy_config": [
              {
                "is_policy_enabled": false,
                "key_details": []
              }
            ],
            "kms_key_id": null,
            "kubernetes_version": "v1.34.2",
            "lifecycle_details": null,
            "metadata": [
              {
                "created_by_user_id": "ocid1.user.oc1..aaaaaaaawkcpvlcrhxflb7q2k7ay5pnauu52nboulsqrzco2xrsinptpjmgq",
                "created_by_work_request_id": "ocid1.clustersworkrequest.oc1.sa-saopaulo-1.aaaaaaaahwzvbtlperapxlpc2kqcqiypc2gipdqvkwoz4p6qkw2so5n7qxpa",
                "deleted_by_user_id": "",
                "deleted_by_work_request_id": "",
                "time_created": "2026-06-01 22:03:18 +0000 UTC",
                "time_credential_expiration": "2031-06-01 22:03:51 +0000 UTC",
                "time_deleted": "",
                "time_updated": "",
                "updated_by_user_id": "",
                "updated_by_work_request_id": ""
              }
            ],
            "name": "dojo-cluster",
            "open_id_connect_discovery_endpoint": null,
            "open_id_connect_discovery_key": null,
            "options": [
              {
                "add_ons": [
                  {
                    "is_kubernetes_dashboard_enabled": false,
                    "is_tiller_enabled": false
                  }
                ],
                "admission_controller_options": [
                  {
                    "is_pod_security_policy_enabled": false
                  }
                ],
                "ip_families": [
                  "IPv4"
                ],
                "kubernetes_network_config": [
                  {
                    "pods_cidr": "10.244.0.0/16",
                    "services_cidr": "10.96.0.0/16"
                  }
                ],
                "open_id_connect_discovery": [],
                "open_id_connect_token_authentication_config": [],
                "persistent_volume_config": [
                  {
                    "defined_tags": {},
                    "freeform_tags": {}
                  }
                ],
                "service_lb_config": [
                  {
                    "backend_nsg_ids": [],
                    "defined_tags": {},
                    "freeform_tags": {}
                  }
                ],
                "service_lb_subnet_ids": [
                  "ocid1.subnet.oc1.sa-saopaulo-1.aaaaaaaagm3xthpjmp6lzqjilgge7mkyrculs2jdrrr5tktfis55njlpt7tq"
                ]
              }
            ],
            "state": "ACTIVE",
            "timeouts": null,
            "type": "BASIC_CLUSTER",
            "vcn_id": "ocid1.vcn.oc1.sa-saopaulo-1.amaaaaaaygd575qanelnhttts2nq7ptyzfaccy2vyuyk7ucno7eubwqsuala"
          },
          "sensitive_attributes": [],
          "private": "eyJlMmJmYjczMC1lY2FhLTExZTYtOGY4OC0zNDM2M2JjN2M0YzAiOnsiY3JlYXRlIjozNjAwMDAwMDAwMDAwLCJkZWxldGUiOjM2MDAwMDAwMDAwMDAsInVwZGF0ZSI6MzYwMDAwMDAwMDAwMH0sInNjaGVtYV92ZXJzaW9uIjoiMCJ9",
          "dependencies": [
            "module.networking.oci_core_internet_gateway.igw",
            "module.networking.oci_core_route_table.public_rt",
            "module.networking.oci_core_security_list.public_sl",
            "module.networking.oci_core_subnet.cluster_endpoint_subnet",
            "module.networking.oci_core_vcn.dojo_vcn"
          ]
        }
      ]
    },
    {
      "module": "module.oke",
      "mode": "managed",
      "type": "oci_containerengine_node_pool",
      "name": "dojo_node_pool",
      "provider": "provider[\"registry.terraform.io/hashicorp/oci\"]",
      "instances": [
        {
          "schema_version": 0,
          "attributes": {
            "cluster_id": "ocid1.cluster.oc1.sa-saopaulo-1.aaaaaaaape6mhjk54nwnrv6nlbk3eaccyqkt2vnrk2niagg2bcpn4kwqub4q",
            "compartment_id": "ocid1.compartment.oc1..aaaaaaaaqzkaic4iksnifaevb4xhegxftjuniyzbvwc6tp32ho3vd7vvrdta",
            "defined_tags": {
              "Oracle-Tags.CreatedBy": "default/rodrigo.gregori@gmail.com",
              "Oracle-Tags.CreatedOn": "2026-06-01T22:39:01.687Z"
            },
            "freeform_tags": {},
            "id": "ocid1.nodepool.oc1.sa-saopaulo-1.aaaaaaaayx42nyeybqi7w7adr2eesgkdsvb663n3qjep57ihln5uvsuyzrla",
            "initial_node_labels": [],
            "kubernetes_version": "v1.34.2",
            "lifecycle_details": null,
            "name": "dojo-node-pool",
            "network_launch_type": "",
            "node_config_details": [
              {
                "defined_tags": {},
                "freeform_tags": {},
                "is_pv_encryption_in_transit_enabled": false,
                "kms_key_id": "",
                "node_pool_pod_network_option_details": [
                  {
                    "cni_type": "FLANNEL_OVERLAY",
                    "max_pods_per_node": 0,
                    "pod_nsg_ids": [],
                    "pod_subnet_ids": []
                  }
                ],
                "nsg_ids": [],
                "placement_configs": [
                  {
                    "availability_domain": "RXtC:SA-SAOPAULO-1-AD-1",
                    "capacity_reservation_id": "",
                    "fault_domains": [],
                    "preemptible_node_config": [],
                    "subnet_id": "ocid1.subnet.oc1.sa-saopaulo-1.aaaaaaaaazdhrsscazpfenn3rrbvupxud4dzwxmgigl2xbyaerpusndicutq"
                  }
                ],
                "size": 1
              }
            ],
            "node_eviction_node_pool_settings": [],
            "node_image_id": "ocid1.image.oc1.sa-saopaulo-1.aaaaaaaagcbg4ft4ylwozxnf2fn5vncormaafl7y2oc76wtcta2k4hsof3ba",
            "node_image_name": "Oracle-Linux-8.10-aarch64-2026.04.30-3",
            "node_metadata": {},
            "node_pool_cycling_details": [],
            "node_shape": "VM.Standard.A1.Flex",
            "node_shape_config": [
              {
                "memory_in_gbs": 24,
                "ocpus": 4
              }
            ],
            "node_source": [
              {
                "image_id": "ocid1.image.oc1.sa-saopaulo-1.aaaaaaaagcbg4ft4ylwozxnf2fn5vncormaafl7y2oc76wtcta2k4hsof3ba",
                "source_name": "Oracle-Linux-8.10-aarch64-2026.04.30-3",
                "source_type": "IMAGE"
              }
            ],
            "node_source_details": [
              {
                "boot_volume_size_in_gbs": "120",
                "image_id": "ocid1.image.oc1.sa-saopaulo-1.aaaaaaaagcbg4ft4ylwozxnf2fn5vncormaafl7y2oc76wtcta2k4hsof3ba",
                "source_type": "IMAGE"
              }
            ],
            "nodes": [
              {
                "availability_domain": "RXtC:SA-SAOPAULO-1-AD-1",
                "defined_tags": {},
                "error": [],
                "fault_domain": "FAULT-DOMAIN-2",
                "freeform_tags": {},
                "id": "ocid1.instance.oc1.sa-saopaulo-1.antxeljrygd575qcw2gfc3lema7fndtgs3rnulu7zdbm46ihtlrtt57exiqa",
                "kubernetes_version": "v1.34.2",
                "lifecycle_details": "installing software",
                "name": "oke-cpn4kwqub4q-n5uvsuyzrla-spusndicutq-0",
                "node_pool_id": "ocid1.nodepool.oc1.sa-saopaulo-1.aaaaaaaayx42nyeybqi7w7adr2eesgkdsvb663n3qjep57ihln5uvsuyzrla",
                "private_ip": "10.0.4.131",
                "public_ip": "144.22.167.122",
                "state": "UPDATING",
                "subnet_id": "ocid1.subnet.oc1.sa-saopaulo-1.aaaaaaaaazdhrsscazpfenn3rrbvupxud4dzwxmgigl2xbyaerpusndicutq"
              }
            ],
            "primary_vnic": [],
            "quantity_per_subnet": 0,
            "secondary_vnics": [],
            "ssh_public_key": null,
            "state": "CREATING",
            "subnet_ids": [
              "ocid1.subnet.oc1.sa-saopaulo-1.aaaaaaaaazdhrsscazpfenn3rrbvupxud4dzwxmgigl2xbyaerpusndicutq"
            ],
            "timeouts": null
          },
          "sensitive_attributes": [],
          "private": "eyJlMmJmYjczMC1lY2FhLTExZTYtOGY4OC0zNDM2M2JjN2M0YzAiOnsiY3JlYXRlIjozMDAwMDAwMDAwMDAwLCJkZWxldGUiOjMwMDAwMDAwMDAwMDAsInVwZGF0ZSI6MzAwMDAwMDAwMDAwMH0sInNjaGVtYV92ZXJzaW9uIjoiMCJ9"
        }
      ]
    },
    {
      "module": "module.registry",
      "mode": "managed",
      "type": "oci_artifacts_container_repository",
      "name": "dojo_repos",
      "provider": "provider[\"registry.terraform.io/hashicorp/oci\"]",
      "instances": [
        {
          "index_key": "dojo-backend",
          "schema_version": 0,
          "attributes": {
            "billable_size_in_gbs": "0",
            "compartment_id": "ocid1.compartment.oc1..aaaaaaaaqzkaic4iksnifaevb4xhegxftjuniyzbvwc6tp32ho3vd7vvrdta",
            "created_by": "ocid1.user.oc1..aaaaaaaawkcpvlcrhxflb7q2k7ay5pnauu52nboulsqrzco2xrsinptpjmgq",
            "defined_tags": {},
            "display_name": "dojo-backend",
            "freeform_tags": {},
            "id": "ocid1.containerrepo.oc1.sa-saopaulo-1.0.grlidgqnerdm.aaaaaaaavaovsnpsupy32jio6lymxucjd5iboy42q4b6px3y7ogamqeqhnwq",
            "image_count": 10,
            "is_immutable": false,
            "is_public": false,
            "layer_count": 30,
            "layers_size_in_bytes": "184814340",
            "namespace": "grlidgqnerdm",
            "readme": [],
            "state": "AVAILABLE",
            "system_tags": {},
            "time_created": "2026-05-31 10:31:18.552 +0000 UTC",
            "time_last_pushed": "2026-06-01 22:13:10.108 +0000 UTC",
            "timeouts": null
          },
          "sensitive_attributes": [],
          "private": "eyJlMmJmYjczMC1lY2FhLTExZTYtOGY4OC0zNDM2M2JjN2M0YzAiOnsiY3JlYXRlIjoxMjAwMDAwMDAwMDAwLCJkZWxldGUiOjEyMDAwMDAwMDAwMDAsInVwZGF0ZSI6MTIwMDAwMDAwMDAwMH19"
        },
        {
          "index_key": "dojo-frontend",
          "schema_version": 0,
          "attributes": {
            "billable_size_in_gbs": "0",
            "compartment_id": "ocid1.compartment.oc1..aaaaaaaaqzkaic4iksnifaevb4xhegxftjuniyzbvwc6tp32ho3vd7vvrdta",
            "created_by": "ocid1.user.oc1..aaaaaaaawkcpvlcrhxflb7q2k7ay5pnauu52nboulsqrzco2xrsinptpjmgq",
            "defined_tags": {},
            "display_name": "dojo-frontend",
            "freeform_tags": {},
            "id": "ocid1.containerrepo.oc1.sa-saopaulo-1.0.grlidgqnerdm.aaaaaaaapa6ycokzgahwg5ct3lzuuh5kfnbls3epden5lvufvkpx5b3vmqea",
            "image_count": 11,
            "is_immutable": false,
            "is_public": false,
            "layer_count": 25,
            "layers_size_in_bytes": "27862212",
            "namespace": "grlidgqnerdm",
            "readme": [],
            "state": "AVAILABLE",
            "system_tags": {},
            "time_created": "2026-05-31 10:31:18.547 +0000 UTC",
            "time_last_pushed": "2026-06-01 22:13:41.77 +0000 UTC",
            "timeouts": null
          },
          "sensitive_attributes": [],
          "private": "eyJlMmJmYjczMC1lY2FhLTExZTYtOGY4OC0zNDM2M2JjN2M0YzAiOnsiY3JlYXRlIjoxMjAwMDAwMDAwMDAwLCJkZWxldGUiOjEyMDAwMDAwMDAwMDAsInVwZGF0ZSI6MTIwMDAwMDAwMDAwMH19"
        }
      ]
    },
    {
      "module": "module.storage",
      "mode": "managed",
      "type": "oci_objectstorage_bucket",
      "name": "terraform_state",
      "provider": "provider[\"registry.terraform.io/hashicorp/oci\"]",
      "instances": [
        {
          "schema_version": 0,
          "attributes": {
            "access_type": "NoPublicAccess",
            "approximate_count": "0",
            "approximate_size": "0",
            "auto_tiering": "Disabled",
            "bucket_id": "ocid1.bucket.oc1.sa-saopaulo-1.aaaaaaaas66v5sck2wecpiuuys7zisw4niv7zvgxv6hypfwyhasq4h2tr45a",
            "bucket_scope": "NAMESPACE",
            "compartment_id": "ocid1.compartment.oc1..aaaaaaaaqzkaic4iksnifaevb4xhegxftjuniyzbvwc6tp32ho3vd7vvrdta",
            "created_by": "ocid1.user.oc1..aaaaaaaawkcpvlcrhxflb7q2k7ay5pnauu52nboulsqrzco2xrsinptpjmgq",
            "defined_tags": {
              "Oracle-Tags.CreatedBy": "default/rodrigo.gregori@gmail.com",
              "Oracle-Tags.CreatedOn": "2026-05-31T10:31:18.452Z"
            },
            "etag": "a6dcdfdd-b598-47bc-97ae-219300c7aa53",
            "freeform_tags": {},
            "id": "n/grlidgqnerdm/b/dojo-terraform-state",
            "is_read_only": false,
            "kms_key_id": null,
            "metadata": {},
            "name": "dojo-terraform-state",
            "namespace": "grlidgqnerdm",
            "object_events_enabled": false,
            "object_lifecycle_policy_etag": null,
            "replication_enabled": false,
            "retention_rules": [],
            "storage_tier": "Standard",
            "time_created": "2026-05-31 10:31:18.467 +0000 UTC",
            "timeouts": null,
            "versioning": "Enabled"
          },
          "sensitive_attributes": [],
          "private": "eyJlMmJmYjczMC1lY2FhLTExZTYtOGY4OC0zNDM2M2JjN2M0YzAiOnsiY3JlYXRlIjoxMjAwMDAwMDAwMDAwLCJkZWxldGUiOjEyMDAwMDAwMDAwMDAsInVwZGF0ZSI6MTIwMDAwMDAwMDAwMH19"
        }
      ]
    }
  ],
  "check_results": null
}
